
Microsoft Visual Studio Solution File, Format Version 12.00
# Visual Studio 15
VisualStudioVersion = 15.0.26403.7
MinimumVisualStudioVersion = 10.0.40219.1
Project("{FAE04EC0-301F-11D3-BF4B-00C04F79EFBC}") = "Lab - 01.Passed", "Lab - 01.Passed\Lab - 01.Passed.csproj", "{CC5839C6-2251-477E-983D-C97079E9054B}"
EndProject
Project("{FAE04EC0-301F-11D3-BF4B-00C04F79EFBC}") = "Lab - 02.Passed or Failed", "Lab - 02.Passed or Failed\Lab - 02.Passed or Failed.csproj", "{3C991288-8838-43BC-9482-A203685C15D6}"
EndProject
Project("{FAE04EC0-301F-11D3-BF4B-00C04F79EFBC}") = "Lab - 03.After 30 minutes", "Lab - 03.After 30 minutes\Lab - 03.After 30 minutes.csproj", "{B2AD78CC-A091-4FC8-A014-535E4E049214}"
EndProject
Project("{FAE04EC0-301F-11D3-BF4B-00C04F79EFBC}") = "Lab - 04.Month Printer", "Lab - 04.Month Printer\Lab - 04.Month Printer.csproj", "{F736828C-2216-443F-8CD4-8352F5722272}"
EndProject
Project("{FAE04EC0-301F-11D3-BF4B-00C04F79EFBC}") = "Lab - 05.Foreign Languages", "Lab - 05.Foreign Languages\Lab - 05.Foreign Languages.csproj", "{8C7B7D32-D2AF-435F-B31A-927C8EE61FDC}"
EndProject
Project("{FAE04EC0-301F-11D3-BF4B-00C04F79EFBC}") = "Lab - 06.Theatre Promotion", "Lab - 06.Theatre Promotion\Lab - 06.Theatre Promotion.csproj", "{D6B32987-9704-4F67-8C4D-A065D7C2EF3A}"
EndProject
Project("{FAE04EC0-301F-11D3-BF4B-00C04F79EFBC}") = "Lab - 07.Divisible by 3", "Lab - 07.Divisible by 3\Lab - 07.Divisible by 3.csproj", "{E4C1E575-67A6-4245-A364-B203985B0DF5}"
EndProject
Project("{FAE04EC0-301F-11D3-BF4B-00C04F79EFBC}") = "Lab - 08.Sum of Odd Numbers", "Lab - 08.Sum of Odd Numbers\Lab - 08.Sum of Odd Numbers.csproj", "{0BDF7028-1CB3-4762-812E-829DE0560112}"
EndProject
Project("{FAE04EC0-301F-11D3-BF4B-00C04F79EFBC}") = "Lab - 09.Multiplication Table", "Lab - 09.Multiplication Table\Lab - 09.Multiplication Table.csproj", "{5CFDEED8-D914-468B-86AA-442B0FBBCA4F}"
EndProject
Project("{FAE04EC0-301F-11D3-BF4B-00C04F79EFBC}") = "Lab - 10.Multiplication Table 2.0", "Lab - 10.Multiplication Table 2.0\Lab - 10.Multiplication Table 2.0.csproj", "{245E0175-46F1-4BC6-BF94-664125926D0A}"
EndProject
Project("{FAE04EC0-301F-11D3-BF4B-00C04F79EFBC}") = "Lab - 11.Odd Number", "Lab - 11.Odd Number\Lab - 11.Odd Number.csproj", "{EA862116-7061-4E2A-B018-88D113100CEF}"
EndProject
Project("{FAE04EC0-301F-11D3-BF4B-00C04F79EFBC}") = "Lab - 12.Number checker", "Lab - 12.Number checker\Lab - 12.Number checker.csproj", "{0E2C4FB6-D0B4-4C43-80C9-56A8AEDB8327}"
EndProject
Project("{FAE04EC0-301F-11D3-BF4B-00C04F79EFBC}") = "Problem 01. Choose a Drink", "Problem 1. Choose a Drink\Problem 01. Choose a Drink.csproj", "{E770C846-C193-4C33-AE57-A907AAF670D7}"
EndProject
Project("{FAE04EC0-301F-11D3-BF4B-00C04F79EFBC}") = "Problem 02. Choose a Drink 2.0", "Problem 2. Choose a Drink 2.0\Problem 02. Choose a Drink 2.0.csproj", "{21800930-2F08-4117-A900-9CA2BF64F71A}"
EndProject
Project("{FAE04EC0-301F-11D3-BF4B-00C04F79EFBC}") = "Problem 03. Restaurant Discount", "Problem 3. Restaurant Discount\Problem 03. Restaurant Discount.csproj", "{F92E0A45-25BB-473D-87C6-0E71BE09646A}"
EndProject
Project("{FAE04EC0-301F-11D3-BF4B-00C04F79EFBC}") = "Problem 04. Hotel", "Problem 4. Hotel\Problem 04. Hotel.csproj", "{1E50BB91-16B2-4253-AA78-94D7383D9698}"
EndProject
Project("{FAE04EC0-301F-11D3-BF4B-00C04F79EFBC}") = "Problem 05. Word in Plural", "Problem 5. Word in Plural\Problem 05. Word in Plural.csproj", "{9DBAF44F-38E1-4017-92FC-EC79981A7D20}"
EndProject
Project("{FAE04EC0-301F-11D3-BF4B-00C04F79EFBC}") = "Problem 06. Interval of Numbers", "Problem 6. Interval of Numbers\Problem 06. Interval of Numbers.csproj", "{2A3556BC-6BEF-4CEF-B4F1-613C848B08E5}"
EndProject
Project("{FAE04EC0-301F-11D3-BF4B-00C04F79EFBC}") = "Problem 07. Cake Ingredients", "Problem 7. Cake Ingredients\Problem 07. Cake Ingredients.csproj", "{9B83436E-4CF3-4AB8-B7C6-650F0DC115D1}"
EndProject
Project("{FAE04EC0-301F-11D3-BF4B-00C04F79EFBC}") = "Problem 08. Calories Counter", "Problem 8. Calories Counter\Problem 08. Calories Counter.csproj", "{92FFB65B-6C4F-4839-A382-D7444EC879B3}"
EndProject
Project("{FAE04EC0-301F-11D3-BF4B-00C04F79EFBC}") = "Problem 09. Count the Integers", "Problem 9. Count the Integers\Problem 09. Count the Integers.csproj", "{6DE9A400-BB8A-4937-9B84-843F49876A3A}"
EndProject
Project("{FAE04EC0-301F-11D3-BF4B-00C04F79EFBC}") = "Problem 10. Triangle of Numbers", "Problem 10. Triangle of Numbers\Problem 10. Triangle of Numbers.csproj", "{3C4436E7-918A-4956-8EE9-19A1267C9477}"
EndProject
Project("{FAE04EC0-301F-11D3-BF4B-00C04F79EFBC}") = "Problem 12. Test Numbers", "Problem 12. Test Numbers\Problem 12. Test Numbers.csproj", "{1F2313D9-E383-4781-A96D-09C03BAD8FE0}"
EndProject
Project("{FAE04EC0-301F-11D3-BF4B-00C04F79EFBC}") = "Problem 13. Game of Numbers", "Problem 13. Game of Numbers\Problem 13. Game of Numbers.csproj", "{7C76856A-0385-42E7-B860-DA90300A19F0}"
EndProject
Project("{FAE04EC0-301F-11D3-BF4B-00C04F79EFBC}") = "Problem 14. Magic Letter", "Problem 14. Magic Letter\Problem 14. Magic Letter.csproj", "{2882065C-7F4E-4ADC-A537-5BFE1506587A}"
EndProject
Project("{FAE04EC0-301F-11D3-BF4B-00C04F79EFBC}") = "Problem 15. Neighbour Wars", "Problem 15. Neighbour Wars\Problem 15. Neighbour Wars.csproj", "{F05A22E4-610B-43BB-BC6D-EBC64FDCAEE6}"
EndProject
Project("{FAE04EC0-301F-11D3-BF4B-00C04F79EFBC}") = "Problem 11. 5 Different Numbers", "Problem 11. 5 Different Numbers\Problem 11. 5 Different Numbers.csproj", "{7003BE32-57E2-4C9D-97F5-A7EB24FB3C65}"
EndProject
Project("{FAE04EC0-301F-11D3-BF4B-00C04F79EFBC}") = "Problem 16. X", "Problem 16. X\Problem 16. X.csproj", "{BEF5A195-B6B1-4B0B-8AFB-7DE1FC6D045E}"
EndProject
Project("{FAE04EC0-301F-11D3-BF4B-00C04F79EFBC}") = "Problem 17. Vapor Store", "Problem 17. Vapor Store\Problem 17. Vapor Store.csproj", "{5F95B31F-A4C5-400E-8378-754C35F3526C}"
EndProject
Project("{FAE04EC0-301F-11D3-BF4B-00C04F79EFBC}") = "Problem 18. Megapixels", "Problem 18. Megapixels\Problem 18. Megapixels.csproj", "{3CBA3417-5E38-455C-87F6-791075E909BD}"
EndProject
Project("{FAE04EC0-301F-11D3-BF4B-00C04F79EFBC}") = "Problem 19. Photo Gallery", "Problem 19. Photo Gallery\Problem 19. Photo Gallery.csproj", "{F2E83036-748D-45F6-908C-2FA2886E485D}"
EndProject
Project("{FAE04EC0-301F-11D3-BF4B-00C04F79EFBC}") = "Problem 20. BPM Counter", "Problem 20. BPM Counter\Problem 20. BPM Counter.csproj", "{0C41B0C4-2A12-470B-A223-B36DF11E76EE}"
EndProject
Project("{FAE04EC0-301F-11D3-BF4B-00C04F79EFBC}") = "Problem 21. DNA Sequences", "Problem 21. DNA Sequences\Problem 21. DNA Sequences.csproj", "{01830B7F-3338-4821-87A8-B3357C260026}"
EndProject
Project("{FAE04EC0-301F-11D3-BF4B-00C04F79EFBC}") = "Problem 22. Training Hall Equipment", "Problem 22. Training Hall Equipment\Problem 22. Training Hall Equipment.csproj", "{E000B3B9-DBE8-4ED5-900F-5D49BBD284E3}"
EndProject
Project("{FAE04EC0-301F-11D3-BF4B-00C04F79EFBC}") = "Problem 23. SMS Typing", "Problem 23. SMS Typing\Problem 23. SMS Typing.csproj", "{E716B4D0-4222-4A80-8219-3519D474CA30}"
EndProject
Global
	GlobalSection(SolutionConfigurationPlatforms) = preSolution
		Debug|Any CPU = Debug|Any CPU
		Release|Any CPU = Release|Any CPU
	EndGlobalSection
	GlobalSection(ProjectConfigurationPlatforms) = postSolution
		{CC5839C6-2251-477E-983D-C97079E9054B}.Debug|Any CPU.ActiveCfg = Debug|Any CPU
		{CC5839C6-2251-477E-983D-C97079E9054B}.Debug|Any CPU.Build.0 = Debug|Any CPU
		{CC5839C6-2251-477E-983D-C97079E9054B}.Release|Any CPU.ActiveCfg = Release|Any CPU
		{CC5839C6-2251-477E-983D-C97079E9054B}.Release|Any CPU.Build.0 = Release|Any CPU
		{3C991288-8838-43BC-9482-A203685C15D6}.Debug|Any CPU.ActiveCfg = Debug|Any CPU
		{3C991288-8838-43BC-9482-A203685C15D6}.Debug|Any CPU.Build.0 = Debug|Any CPU
		{3C991288-8838-43BC-9482-A203685C15D6}.Release|Any CPU.ActiveCfg = Release|Any CPU
		{3C991288-8838-43BC-9482-A203685C15D6}.Release|Any CPU.Build.0 = Release|Any CPU
		{B2AD78CC-A091-4FC8-A014-535E4E049214}.Debug|Any CPU.ActiveCfg = Debug|Any CPU
		{B2AD78CC-A091-4FC8-A014-535E4E049214}.Debug|Any CPU.Build.0 = Debug|Any CPU
		{B2AD78CC-A091-4FC8-A014-535E4E049214}.Release|Any CPU.ActiveCfg = Release|Any CPU
		{B2AD78CC-A091-4FC8-A014-535E4E049214}.Release|Any CPU.Build.0 = Release|Any CPU
		{F736828C-2216-443F-8CD4-8352F5722272}.Debug|Any CPU.ActiveCfg = Debug|Any CPU
		{F736828C-2216-443F-8CD4-8352F5722272}.Debug|Any CPU.Build.0 = Debug|Any CPU
		{F736828C-2216-443F-8CD4-8352F5722272}.Release|Any CPU.ActiveCfg = Release|Any CPU
		{F736828C-2216-443F-8CD4-8352F5722272}.Release|Any CPU.Build.0 = Release|Any CPU
		{8C7B7D32-D2AF-435F-B31A-927C8EE61FDC}.Debug|Any CPU.ActiveCfg = Debug|Any CPU
		{8C7B7D32-D2AF-435F-B31A-927C8EE61FDC}.Debug|Any CPU.Build.0 = Debug|Any CPU
		{8C7B7D32-D2AF-435F-B31A-927C8EE61FDC}.Release|Any CPU.ActiveCfg = Release|Any CPU
		{8C7B7D32-D2AF-435F-B31A-927C8EE61FDC}.Release|Any CPU.Build.0 = Release|Any CPU
		{D6B32987-9704-4F67-8C4D-A065D7C2EF3A}.Debug|Any CPU.ActiveCfg = Debug|Any CPU
		{D6B32987-9704-4F67-8C4D-A065D7C2EF3A}.Debug|Any CPU.Build.0 = Debug|Any CPU
		{D6B32987-9704-4F67-8C4D-A065D7C2EF3A}.Release|Any CPU.ActiveCfg = Release|Any CPU
		{D6B32987-9704-4F67-8C4D-A065D7C2EF3A}.Release|Any CPU.Build.0 = Release|Any CPU
		{E4C1E575-67A6-4245-A364-B203985B0DF5}.Debug|Any CPU.ActiveCfg = Debug|Any CPU
		{E4C1E575-67A6-4245-A364-B203985B0DF5}.Debug|Any CPU.Build.0 = Debug|Any CPU
		{E4C1E575-67A6-4245-A364-B203985B0DF5}.Release|Any CPU.ActiveCfg = Release|Any CPU
		{E4C1E575-67A6-4245-A364-B203985B0DF5}.Release|Any CPU.Build.0 = Release|Any CPU
		{0BDF7028-1CB3-4762-812E-829DE0560112}.Debug|Any CPU.ActiveCfg = Debug|Any CPU
		{0BDF7028-1CB3-4762-812E-829DE0560112}.Debug|Any CPU.Build.0 = Debug|Any CPU
		{0BDF7028-1CB3-4762-812E-829DE0560112}.Release|Any CPU.ActiveCfg = Release|Any CPU
		{0BDF7028-1CB3-4762-812E-829DE0560112}.Release|Any CPU.Build.0 = Release|Any CPU
		{5CFDEED8-D914-468B-86AA-442B0FBBCA4F}.Debug|Any CPU.ActiveCfg = Debug|Any CPU
		{5CFDEED8-D914-468B-86AA-442B0FBBCA4F}.Debug|Any CPU.Build.0 = Debug|Any CPU
		{5CFDEED8-D914-468B-86AA-442B0FBBCA4F}.Release|Any CPU.ActiveCfg = Release|Any CPU
		{5CFDEED8-D914-468B-86AA-442B0FBBCA4F}.Release|Any CPU.Build.0 = Release|Any CPU
		{245E0175-46F1-4BC6-BF94-664125926D0A}.Debug|Any CPU.ActiveCfg = Debug|Any CPU
		{245E0175-46F1-4BC6-BF94-664125926D0A}.Debug|Any CPU.Build.0 = Debug|Any CPU
		{245E0175-46F1-4BC6-BF94-664125926D0A}.Release|Any CPU.ActiveCfg = Release|Any CPU
		{245E0175-46F1-4BC6-BF94-664125926D0A}.Release|Any CPU.Build.0 = Release|Any CPU
		{EA862116-7061-4E2A-B018-88D113100CEF}.Debug|Any CPU.ActiveCfg = Debug|Any CPU
		{EA862116-7061-4E2A-B018-88D113100CEF}.Debug|Any CPU.Build.0 = Debug|Any CPU
		{EA862116-7061-4E2A-B018-88D113100CEF}.Release|Any CPU.ActiveCfg = Release|Any CPU
		{EA862116-7061-4E2A-B018-88D113100CEF}.Release|Any CPU.Build.0 = Release|Any CPU
		{0E2C4FB6-D0B4-4C43-80C9-56A8AEDB8327}.Debug|Any CPU.ActiveCfg = Debug|Any CPU
		{0E2C4FB6-D0B4-4C43-80C9-56A8AEDB8327}.Debug|Any CPU.Build.0 = Debug|Any CPU
		{0E2C4FB6-D0B4-4C43-80C9-56A8AEDB8327}.Release|Any CPU.ActiveCfg = Release|Any CPU
		{0E2C4FB6-D0B4-4C43-80C9-56A8AEDB8327}.Release|Any CPU.Build.0 = Release|Any CPU
		{E770C846-C193-4C33-AE57-A907AAF670D7}.Debug|Any CPU.ActiveCfg = Debug|Any CPU
		{E770C846-C193-4C33-AE57-A907AAF670D7}.Debug|Any CPU.Build.0 = Debug|Any CPU
		{E770C846-C193-4C33-AE57-A907AAF670D7}.Release|Any CPU.ActiveCfg = Release|Any CPU
		{E770C846-C193-4C33-AE57-A907AAF670D7}.Release|Any CPU.Build.0 = Release|Any CPU
		{21800930-2F08-4117-A900-9CA2BF64F71A}.Debug|Any CPU.ActiveCfg = Debug|Any CPU
		{21800930-2F08-4117-A900-9CA2BF64F71A}.Debug|Any CPU.Build.0 = Debug|Any CPU
		{21800930-2F08-4117-A900-9CA2BF64F71A}.Release|Any CPU.ActiveCfg = Release|Any CPU
		{21800930-2F08-4117-A900-9CA2BF64F71A}.Release|Any CPU.Build.0 = Release|Any CPU
		{F92E0A45-25BB-473D-87C6-0E71BE09646A}.Debug|Any CPU.ActiveCfg = Debug|Any CPU
		{F92E0A45-25BB-473D-87C6-0E71BE09646A}.Debug|Any CPU.Build.0 = Debug|Any CPU
		{F92E0A45-25BB-473D-87C6-0E71BE09646A}.Release|Any CPU.ActiveCfg = Release|Any CPU
		{F92E0A45-25BB-473D-87C6-0E71BE09646A}.Release|Any CPU.Build.0 = Release|Any CPU
		{1E50BB91-16B2-4253-AA78-94D7383D9698}.Debug|Any CPU.ActiveCfg = Debug|Any CPU
		{1E50BB91-16B2-4253-AA78-94D7383D9698}.Debug|Any CPU.Build.0 = Debug|Any CPU
		{1E50BB91-16B2-4253-AA78-94D7383D9698}.Release|Any CPU.ActiveCfg = Release|Any CPU
		{1E50BB91-16B2-4253-AA78-94D7383D9698}.Release|Any CPU.Build.0 = Release|Any CPU
		{9DBAF44F-38E1-4017-92FC-EC79981A7D20}.Debug|Any CPU.ActiveCfg = Debug|Any CPU
		{9DBAF44F-38E1-4017-92FC-EC79981A7D20}.Debug|Any CPU.Build.0 = Debug|Any CPU
		{9DBAF44F-38E1-4017-92FC-EC79981A7D20}.Release|Any CPU.ActiveCfg = Release|Any CPU
		{9DBAF44F-38E1-4017-92FC-EC79981A7D20}.Release|Any CPU.Build.0 = Release|Any CPU
		{2A3556BC-6BEF-4CEF-B4F1-613C848B08E5}.Debug|Any CPU.ActiveCfg = Debug|Any CPU
		{2A3556BC-6BEF-4CEF-B4F1-613C848B08E5}.Debug|Any CPU.Build.0 = Debug|Any CPU
		{2A3556BC-6BEF-4CEF-B4F1-613C848B08E5}.Release|Any CPU.ActiveCfg = Release|Any CPU
		{2A3556BC-6BEF-4CEF-B4F1-613C848B08E5}.Release|Any CPU.Build.0 = Release|Any CPU
		{9B83436E-4CF3-4AB8-B7C6-650F0DC115D1}.Debug|Any CPU.ActiveCfg = Debug|Any CPU
		{9B83436E-4CF3-4AB8-B7C6-650F0DC115D1}.Debug|Any CPU.Build.0 = Debug|Any CPU
		{9B83436E-4CF3-4AB8-B7C6-650F0DC115D1}.Release|Any CPU.ActiveCfg = Release|Any CPU
		{9B83436E-4CF3-4AB8-B7C6-650F0DC115D1}.Release|Any CPU.Build.0 = Release|Any CPU
		{92FFB65B-6C4F-4839-A382-D7444EC879B3}.Debug|Any CPU.ActiveCfg = Debug|Any CPU
		{92FFB65B-6C4F-4839-A382-D7444EC879B3}.Debug|Any CPU.Build.0 = Debug|Any CPU
		{92FFB65B-6C4F-4839-A382-D7444EC879B3}.Release|Any CPU.ActiveCfg = Release|Any CPU
		{92FFB65B-6C4F-4839-A382-D7444EC879B3}.Release|Any CPU.Build.0 = Release|Any CPU
		{6DE9A400-BB8A-4937-9B84-843F49876A3A}.Debug|Any CPU.ActiveCfg = Debug|Any CPU
		{6DE9A400-BB8A-4937-9B84-843F49876A3A}.Debug|Any CPU.Build.0 = Debug|Any CPU
		{6DE9A400-BB8A-4937-9B84-843F49876A3A}.Release|Any CPU.ActiveCfg = Release|Any CPU
		{6DE9A400-BB8A-4937-9B84-843F49876A3A}.Release|Any CPU.Build.0 = Release|Any CPU
		{3C4436E7-918A-4956-8EE9-19A1267C9477}.Debug|Any CPU.ActiveCfg = Debug|Any CPU
		{3C4436E7-918A-4956-8EE9-19A1267C9477}.Debug|Any CPU.Build.0 = Debug|Any CPU
		{3C4436E7-918A-4956-8EE9-19A1267C9477}.Release|Any CPU.ActiveCfg = Release|Any CPU
		{3C4436E7-918A-4956-8EE9-19A1267C9477}.Release|Any CPU.Build.0 = Release|Any CPU
		{1F2313D9-E383-4781-A96D-09C03BAD8FE0}.Debug|Any CPU.ActiveCfg = Debug|Any CPU
		{1F2313D9-E383-4781-A96D-09C03BAD8FE0}.Debug|Any CPU.Build.0 = Debug|Any CPU
		{1F2313D9-E383-4781-A96D-09C03BAD8FE0}.Release|Any CPU.ActiveCfg = Release|Any CPU
		{1F2313D9-E383-4781-A96D-09C03BAD8FE0}.Release|Any CPU.Build.0 = Release|Any CPU
		{7C76856A-0385-42E7-B860-DA90300A19F0}.Debug|Any CPU.ActiveCfg = Debug|Any CPU
		{7C76856A-0385-42E7-B860-DA90300A19F0}.Debug|Any CPU.Build.0 = Debug|Any CPU
		{7C76856A-0385-42E7-B860-DA90300A19F0}.Release|Any CPU.ActiveCfg = Release|Any CPU
		{7C76856A-0385-42E7-B860-DA90300A19F0}.Release|Any CPU.Build.0 = Release|Any CPU
		{2882065C-7F4E-4ADC-A537-5BFE1506587A}.Debug|Any CPU.ActiveCfg = Debug|Any CPU
		{2882065C-7F4E-4ADC-A537-5BFE1506587A}.Debug|Any CPU.Build.0 = Debug|Any CPU
		{2882065C-7F4E-4ADC-A537-5BFE1506587A}.Release|Any CPU.ActiveCfg = Release|Any CPU
		{2882065C-7F4E-4ADC-A537-5BFE1506587A}.Release|Any CPU.Build.0 = Release|Any CPU
		{F05A22E4-610B-43BB-BC6D-EBC64FDCAEE6}.Debug|Any CPU.ActiveCfg = Debug|Any CPU
		{F05A22E4-610B-43BB-BC6D-EBC64FDCAEE6}.Debug|Any CPU.Build.0 = Debug|Any CPU
		{F05A22E4-610B-43BB-BC6D-EBC64FDCAEE6}.Release|Any CPU.ActiveCfg = Release|Any CPU
		{F05A22E4-610B-43BB-BC6D-EBC64FDCAEE6}.Release|Any CPU.Build.0 = Release|Any CPU
		{7003BE32-57E2-4C9D-97F5-A7EB24FB3C65}.Debug|Any CPU.ActiveCfg = Debug|Any CPU
		{7003BE32-57E2-4C9D-97F5-A7EB24FB3C65}.Debug|Any CPU.Build.0 = Debug|Any CPU
		{7003BE32-57E2-4C9D-97F5-A7EB24FB3C65}.Release|Any CPU.ActiveCfg = Release|Any CPU
		{7003BE32-57E2-4C9D-97F5-A7EB24FB3C65}.Release|Any CPU.Build.0 = Release|Any CPU
		{BEF5A195-B6B1-4B0B-8AFB-7DE1FC6D045E}.Debug|Any CPU.ActiveCfg = Debug|Any CPU
		{BEF5A195-B6B1-4B0B-8AFB-7DE1FC6D045E}.Debug|Any CPU.Build.0 = Debug|Any CPU
		{BEF5A195-B6B1-4B0B-8AFB-7DE1FC6D045E}.Release|Any CPU.ActiveCfg = Release|Any CPU
		{BEF5A195-B6B1-4B0B-8AFB-7DE1FC6D045E}.Release|Any CPU.Build.0 = Release|Any CPU
		{5F95B31F-A4C5-400E-8378-754C35F3526C}.Debug|Any CPU.ActiveCfg = Debug|Any CPU
		{5F95B31F-A4C5-400E-8378-754C35F3526C}.Debug|Any CPU.Build.0 = Debug|Any CPU
		{5F95B31F-A4C5-400E-8378-754C35F3526C}.Release|Any CPU.ActiveCfg = Release|Any CPU
		{5F95B31F-A4C5-400E-8378-754C35F3526C}.Release|Any CPU.Build.0 = Release|Any CPU
		{3CBA3417-5E38-455C-87F6-791075E909BD}.Debug|Any CPU.ActiveCfg = Debug|Any CPU
		{3CBA3417-5E38-455C-87F6-791075E909BD}.Debug|Any CPU.Build.0 = Debug|Any CPU
		{3CBA3417-5E38-455C-87F6-791075E909BD}.Release|Any CPU.ActiveCfg = Release|Any CPU
		{3CBA3417-5E38-455C-87F6-791075E909BD}.Release|Any CPU.Build.0 = Release|Any CPU
		{F2E83036-748D-45F6-908C-2FA2886E485D}.Debug|Any CPU.ActiveCfg = Debug|Any CPU
		{F2E83036-748D-45F6-908C-2FA2886E485D}.Debug|Any CPU.Build.0 = Debug|Any CPU
		{F2E83036-748D-45F6-908C-2FA2886E485D}.Release|Any CPU.ActiveCfg = Release|Any CPU
		{F2E83036-748D-45F6-908C-2FA2886E485D}.Release|Any CPU.Build.0 = Release|Any CPU
		{0C41B0C4-2A12-470B-A223-B36DF11E76EE}.Debug|Any CPU.ActiveCfg = Debug|Any CPU
		{0C41B0C4-2A12-470B-A223-B36DF11E76EE}.Debug|Any CPU.Build.0 = Debug|Any CPU
		{0C41B0C4-2A12-470B-A223-B36DF11E76EE}.Release|Any CPU.ActiveCfg = Release|Any CPU
		{0C41B0C4-2A12-470B-A223-B36DF11E76EE}.Release|Any CPU.Build.0 = Release|Any CPU
		{01830B7F-3338-4821-87A8-B3357C260026}.Debug|Any CPU.ActiveCfg = Debug|Any CPU
		{01830B7F-3338-4821-87A8-B3357C260026}.Debug|Any CPU.Build.0 = Debug|Any CPU
		{01830B7F-3338-4821-87A8-B3357C260026}.Release|Any CPU.ActiveCfg = Release|Any CPU
		{01830B7F-3338-4821-87A8-B3357C260026}.Release|Any CPU.Build.0 = Release|Any CPU
		{E000B3B9-DBE8-4ED5-900F-5D49BBD284E3}.Debug|Any CPU.ActiveCfg = Debug|Any CPU
		{E000B3B9-DBE8-4ED5-900F-5D49BBD284E3}.Debug|Any CPU.Build.0 = Debug|Any CPU
		{E000B3B9-DBE8-4ED5-900F-5D49BBD284E3}.Release|Any CPU.ActiveCfg = Release|Any CPU
		{E000B3B9-DBE8-4ED5-900F-5D49BBD284E3}.Release|Any CPU.Build.0 = Release|Any CPU
		{E716B4D0-4222-4A80-8219-3519D474CA30}.Debug|Any CPU.ActiveCfg = Debug|Any CPU
		{E716B4D0-4222-4A80-8219-3519D474CA30}.Debug|Any CPU.Build.0 = Debug|Any CPU
		{E716B4D0-4222-4A80-8219-3519D474CA30}.Release|Any CPU.ActiveCfg = Release|Any CPU
		{E716B4D0-4222-4A80-8219-3519D474CA30}.Release|Any CPU.Build.0 = Release|Any CPU
	EndGlobalSection
	GlobalSection(SolutionProperties) = preSolution
		HideSolutionNode = FALSE
	EndGlobalSection
EndGlobal
