
Microsoft Visual Studio Solution File, Format Version 12.00
# Visual Studio 14
VisualStudioVersion = 14.0.25420.1
MinimumVisualStudioVersion = 10.0.40219.1
Project("{FAE04EC0-301F-11D3-BF4B-00C04F79EFBC}") = "Lab - 01. Blank Receipt", "Lab - 01. Blank Receipt\Lab - 01. Blank Receipt.csproj", "{A10BDF3A-F84B-4296-9B41-94F69A687386}"
EndProject
Project("{FAE04EC0-301F-11D3-BF4B-00C04F79EFBC}") = "Lab - 02. Sign of Integer Number", "Lab - 02. Sign of Integer Number\Lab - 02. Sign of Integer Number.csproj", "{E6428B2B-6467-46EA-B906-BF1A23249141}"
EndProject
Project("{FAE04EC0-301F-11D3-BF4B-00C04F79EFBC}") = "Lab - 03.Printing Triangle", "Lab - 03.Printing Triangle\Lab - 03.Printing Triangle.csproj", "{5ED85A99-244F-4F96-9D3C-C91298D9E8E4}"
EndProject
Project("{FAE04EC0-301F-11D3-BF4B-00C04F79EFBC}") = "Lab - 04.Draw a Filled Square", "Lab - 04.Draw a Filled Square\Lab - 04.Draw a Filled Square.csproj", "{3A8FBDEA-F1F3-47DD-AB96-88952544BDC2}"
EndProject
Project("{FAE04EC0-301F-11D3-BF4B-00C04F79EFBC}") = "Lab - 05.Calculate Triangle Area", "Lab - 05.Calculate Triangle Area\Lab - 05.Calculate Triangle Area.csproj", "{5E690EE0-A497-4A39-9D7F-4FF944B7E97E}"
EndProject
Project("{FAE04EC0-301F-11D3-BF4B-00C04F79EFBC}") = "Lab - 06. Math Power", "Lab - 06. Math Power\Lab - 06. Math Power.csproj", "{4F95AB1C-E050-4077-8E7C-9731DD66989F}"
EndProject
Project("{FAE04EC0-301F-11D3-BF4B-00C04F79EFBC}") = "Lab - 07. Greater of Two Values", "Lab - 07. Greater of Two Values\Lab - 07. Greater of Two Values.csproj", "{B01878F2-2DC7-4E59-B12F-D0125FA35412}"
EndProject
Project("{FAE04EC0-301F-11D3-BF4B-00C04F79EFBC}") = "Lab - 08. Multiply Evens by Odds", "Lab - 08. Multiply Evens by Odds\Lab - 08. Multiply Evens by Odds.csproj", "{0A41FF69-9B59-44A7-837D-3E1010F2A291}"
EndProject
Project("{FAE04EC0-301F-11D3-BF4B-00C04F79EFBC}") = "Lab - 09. Holidays Between Two Dates", "Lab - 09. Holidays Between Two Dates\Lab - 09. Holidays Between Two Dates.csproj", "{6743FCC1-82AA-4180-9C4F-A875BB983B24}"
EndProject
Project("{FAE04EC0-301F-11D3-BF4B-00C04F79EFBC}") = "Lab - 10. Price Change Alert", "Lab - 10. Price Change Alert\Lab - 10. Price Change Alert.csproj", "{0FC443EE-0EFE-4320-B000-20640906245E}"
EndProject
Project("{FAE04EC0-301F-11D3-BF4B-00C04F79EFBC}") = "Problem 01. Hello, Name!", "Problem 01. Hello, Name!\Problem 01. Hello, Name!.csproj", "{BB3BFDB1-7B8E-441B-8F62-24B13FFA4170}"
EndProject
Project("{FAE04EC0-301F-11D3-BF4B-00C04F79EFBC}") = "Problem 02. Max Method", "Problem 02. Max Method\Problem 02. Max Method.csproj", "{79A493EF-E41A-40BA-9870-582FA5FCD261}"
EndProject
Project("{FAE04EC0-301F-11D3-BF4B-00C04F79EFBC}") = "Problem 03. English Name of Last Digit", "Problem 03. English Name of Last Digit\Problem 03. English Name of Last Digit.csproj", "{855AF686-CD51-4736-8C60-26E9B8BF9BAE}"
EndProject
Project("{FAE04EC0-301F-11D3-BF4B-00C04F79EFBC}") = "Problem 04. Numbers in Reversed Order", "Problem 04. Numbers in Reversed Order\Problem 04. Numbers in Reversed Order.csproj", "{71DBF335-083C-4209-862E-8B32FD357B3A}"
EndProject
Project("{FAE04EC0-301F-11D3-BF4B-00C04F79EFBC}") = "Problem 05. Fibonacci Numbers", "Problem 05. Fibonacci Numbers\Problem 05. Fibonacci Numbers.csproj", "{BF4A7013-FCDB-4FE7-BFA6-73F6EDBC2209}"
EndProject
Project("{FAE04EC0-301F-11D3-BF4B-00C04F79EFBC}") = "Problem 06. Prime Checker", "Problem 06. Prime Checker\Problem 06. Prime Checker.csproj", "{6FC38B5B-AA0D-4FEA-A38A-5754D8F3D3A2}"
EndProject
Project("{FAE04EC0-301F-11D3-BF4B-00C04F79EFBC}") = "Problem 07. Primes in Given Range", "Problem 07. Primes in Given Range\Problem 07. Primes in Given Range.csproj", "{CBE2000C-0370-4DF9-AC64-D849D2B8FEAA}"
EndProject
Project("{FAE04EC0-301F-11D3-BF4B-00C04F79EFBC}") = "Problem 08. Center Point", "Problem 08. Center Point\Problem 08. Center Point.csproj", "{513F6FAD-BE18-4BE2-87DE-728338AFFE65}"
EndProject
Project("{FAE04EC0-301F-11D3-BF4B-00C04F79EFBC}") = "Problem 09. Longer Line", "Problem 09. Longer Line\Problem 09. Longer Line.csproj", "{9CFC946C-EA7A-4275-9E8F-8611DEA9E4BE}"
EndProject
Project("{FAE04EC0-301F-11D3-BF4B-00C04F79EFBC}") = "Problem 10. Cube Properties", "Problem 10. Cube Properties\Problem 10. Cube Properties.csproj", "{96F25022-1C2A-4D0B-AB69-F2EC4B91710A}"
EndProject
Project("{FAE04EC0-301F-11D3-BF4B-00C04F79EFBC}") = "Problem 11. Geometry Calculator", "Problem 11. Geometry Calculator\Problem 11. Geometry Calculator.csproj", "{F3CF7151-6F5F-479F-A565-1E98FC5712B0}"
EndProject
Project("{FAE04EC0-301F-11D3-BF4B-00C04F79EFBC}") = "Problem 12. Master Number", "Problem 12. Master Number\Problem 12. Master Number.csproj", "{670179E7-03D2-4BD8-B7F9-9E28D6853E6E}"
EndProject
Project("{FAE04EC0-301F-11D3-BF4B-00C04F79EFBC}") = "Problem 13. Factorial", "Problem 13. Factorial\Problem 13. Factorial.csproj", "{84C57AF0-4CBF-42BC-89C9-6D536CF481DC}"
EndProject
Global
	GlobalSection(SolutionConfigurationPlatforms) = preSolution
		Debug|Any CPU = Debug|Any CPU
		Release|Any CPU = Release|Any CPU
	EndGlobalSection
	GlobalSection(ProjectConfigurationPlatforms) = postSolution
		{A10BDF3A-F84B-4296-9B41-94F69A687386}.Debug|Any CPU.ActiveCfg = Debug|Any CPU
		{A10BDF3A-F84B-4296-9B41-94F69A687386}.Debug|Any CPU.Build.0 = Debug|Any CPU
		{A10BDF3A-F84B-4296-9B41-94F69A687386}.Release|Any CPU.ActiveCfg = Release|Any CPU
		{A10BDF3A-F84B-4296-9B41-94F69A687386}.Release|Any CPU.Build.0 = Release|Any CPU
		{E6428B2B-6467-46EA-B906-BF1A23249141}.Debug|Any CPU.ActiveCfg = Debug|Any CPU
		{E6428B2B-6467-46EA-B906-BF1A23249141}.Debug|Any CPU.Build.0 = Debug|Any CPU
		{E6428B2B-6467-46EA-B906-BF1A23249141}.Release|Any CPU.ActiveCfg = Release|Any CPU
		{E6428B2B-6467-46EA-B906-BF1A23249141}.Release|Any CPU.Build.0 = Release|Any CPU
		{5ED85A99-244F-4F96-9D3C-C91298D9E8E4}.Debug|Any CPU.ActiveCfg = Debug|Any CPU
		{5ED85A99-244F-4F96-9D3C-C91298D9E8E4}.Debug|Any CPU.Build.0 = Debug|Any CPU
		{5ED85A99-244F-4F96-9D3C-C91298D9E8E4}.Release|Any CPU.ActiveCfg = Release|Any CPU
		{5ED85A99-244F-4F96-9D3C-C91298D9E8E4}.Release|Any CPU.Build.0 = Release|Any CPU
		{3A8FBDEA-F1F3-47DD-AB96-88952544BDC2}.Debug|Any CPU.ActiveCfg = Debug|Any CPU
		{3A8FBDEA-F1F3-47DD-AB96-88952544BDC2}.Debug|Any CPU.Build.0 = Debug|Any CPU
		{3A8FBDEA-F1F3-47DD-AB96-88952544BDC2}.Release|Any CPU.ActiveCfg = Release|Any CPU
		{3A8FBDEA-F1F3-47DD-AB96-88952544BDC2}.Release|Any CPU.Build.0 = Release|Any CPU
		{5E690EE0-A497-4A39-9D7F-4FF944B7E97E}.Debug|Any CPU.ActiveCfg = Debug|Any CPU
		{5E690EE0-A497-4A39-9D7F-4FF944B7E97E}.Debug|Any CPU.Build.0 = Debug|Any CPU
		{5E690EE0-A497-4A39-9D7F-4FF944B7E97E}.Release|Any CPU.ActiveCfg = Release|Any CPU
		{5E690EE0-A497-4A39-9D7F-4FF944B7E97E}.Release|Any CPU.Build.0 = Release|Any CPU
		{4F95AB1C-E050-4077-8E7C-9731DD66989F}.Debug|Any CPU.ActiveCfg = Debug|Any CPU
		{4F95AB1C-E050-4077-8E7C-9731DD66989F}.Debug|Any CPU.Build.0 = Debug|Any CPU
		{4F95AB1C-E050-4077-8E7C-9731DD66989F}.Release|Any CPU.ActiveCfg = Release|Any CPU
		{4F95AB1C-E050-4077-8E7C-9731DD66989F}.Release|Any CPU.Build.0 = Release|Any CPU
		{B01878F2-2DC7-4E59-B12F-D0125FA35412}.Debug|Any CPU.ActiveCfg = Debug|Any CPU
		{B01878F2-2DC7-4E59-B12F-D0125FA35412}.Debug|Any CPU.Build.0 = Debug|Any CPU
		{B01878F2-2DC7-4E59-B12F-D0125FA35412}.Release|Any CPU.ActiveCfg = Release|Any CPU
		{B01878F2-2DC7-4E59-B12F-D0125FA35412}.Release|Any CPU.Build.0 = Release|Any CPU
		{0A41FF69-9B59-44A7-837D-3E1010F2A291}.Debug|Any CPU.ActiveCfg = Debug|Any CPU
		{0A41FF69-9B59-44A7-837D-3E1010F2A291}.Debug|Any CPU.Build.0 = Debug|Any CPU
		{0A41FF69-9B59-44A7-837D-3E1010F2A291}.Release|Any CPU.ActiveCfg = Release|Any CPU
		{0A41FF69-9B59-44A7-837D-3E1010F2A291}.Release|Any CPU.Build.0 = Release|Any CPU
		{6743FCC1-82AA-4180-9C4F-A875BB983B24}.Debug|Any CPU.ActiveCfg = Debug|Any CPU
		{6743FCC1-82AA-4180-9C4F-A875BB983B24}.Debug|Any CPU.Build.0 = Debug|Any CPU
		{6743FCC1-82AA-4180-9C4F-A875BB983B24}.Release|Any CPU.ActiveCfg = Release|Any CPU
		{6743FCC1-82AA-4180-9C4F-A875BB983B24}.Release|Any CPU.Build.0 = Release|Any CPU
		{0FC443EE-0EFE-4320-B000-20640906245E}.Debug|Any CPU.ActiveCfg = Debug|Any CPU
		{0FC443EE-0EFE-4320-B000-20640906245E}.Debug|Any CPU.Build.0 = Debug|Any CPU
		{0FC443EE-0EFE-4320-B000-20640906245E}.Release|Any CPU.ActiveCfg = Release|Any CPU
		{0FC443EE-0EFE-4320-B000-20640906245E}.Release|Any CPU.Build.0 = Release|Any CPU
		{BB3BFDB1-7B8E-441B-8F62-24B13FFA4170}.Debug|Any CPU.ActiveCfg = Debug|Any CPU
		{BB3BFDB1-7B8E-441B-8F62-24B13FFA4170}.Debug|Any CPU.Build.0 = Debug|Any CPU
		{BB3BFDB1-7B8E-441B-8F62-24B13FFA4170}.Release|Any CPU.ActiveCfg = Release|Any CPU
		{BB3BFDB1-7B8E-441B-8F62-24B13FFA4170}.Release|Any CPU.Build.0 = Release|Any CPU
		{79A493EF-E41A-40BA-9870-582FA5FCD261}.Debug|Any CPU.ActiveCfg = Debug|Any CPU
		{79A493EF-E41A-40BA-9870-582FA5FCD261}.Debug|Any CPU.Build.0 = Debug|Any CPU
		{79A493EF-E41A-40BA-9870-582FA5FCD261}.Release|Any CPU.ActiveCfg = Release|Any CPU
		{79A493EF-E41A-40BA-9870-582FA5FCD261}.Release|Any CPU.Build.0 = Release|Any CPU
		{855AF686-CD51-4736-8C60-26E9B8BF9BAE}.Debug|Any CPU.ActiveCfg = Debug|Any CPU
		{855AF686-CD51-4736-8C60-26E9B8BF9BAE}.Debug|Any CPU.Build.0 = Debug|Any CPU
		{855AF686-CD51-4736-8C60-26E9B8BF9BAE}.Release|Any CPU.ActiveCfg = Release|Any CPU
		{855AF686-CD51-4736-8C60-26E9B8BF9BAE}.Release|Any CPU.Build.0 = Release|Any CPU
		{71DBF335-083C-4209-862E-8B32FD357B3A}.Debug|Any CPU.ActiveCfg = Debug|Any CPU
		{71DBF335-083C-4209-862E-8B32FD357B3A}.Debug|Any CPU.Build.0 = Debug|Any CPU
		{71DBF335-083C-4209-862E-8B32FD357B3A}.Release|Any CPU.ActiveCfg = Release|Any CPU
		{71DBF335-083C-4209-862E-8B32FD357B3A}.Release|Any CPU.Build.0 = Release|Any CPU
		{BF4A7013-FCDB-4FE7-BFA6-73F6EDBC2209}.Debug|Any CPU.ActiveCfg = Debug|Any CPU
		{BF4A7013-FCDB-4FE7-BFA6-73F6EDBC2209}.Debug|Any CPU.Build.0 = Debug|Any CPU
		{BF4A7013-FCDB-4FE7-BFA6-73F6EDBC2209}.Release|Any CPU.ActiveCfg = Release|Any CPU
		{BF4A7013-FCDB-4FE7-BFA6-73F6EDBC2209}.Release|Any CPU.Build.0 = Release|Any CPU
		{6FC38B5B-AA0D-4FEA-A38A-5754D8F3D3A2}.Debug|Any CPU.ActiveCfg = Debug|Any CPU
		{6FC38B5B-AA0D-4FEA-A38A-5754D8F3D3A2}.Debug|Any CPU.Build.0 = Debug|Any CPU
		{6FC38B5B-AA0D-4FEA-A38A-5754D8F3D3A2}.Release|Any CPU.ActiveCfg = Release|Any CPU
		{6FC38B5B-AA0D-4FEA-A38A-5754D8F3D3A2}.Release|Any CPU.Build.0 = Release|Any CPU
		{CBE2000C-0370-4DF9-AC64-D849D2B8FEAA}.Debug|Any CPU.ActiveCfg = Debug|Any CPU
		{CBE2000C-0370-4DF9-AC64-D849D2B8FEAA}.Debug|Any CPU.Build.0 = Debug|Any CPU
		{CBE2000C-0370-4DF9-AC64-D849D2B8FEAA}.Release|Any CPU.ActiveCfg = Release|Any CPU
		{CBE2000C-0370-4DF9-AC64-D849D2B8FEAA}.Release|Any CPU.Build.0 = Release|Any CPU
		{513F6FAD-BE18-4BE2-87DE-728338AFFE65}.Debug|Any CPU.ActiveCfg = Debug|Any CPU
		{513F6FAD-BE18-4BE2-87DE-728338AFFE65}.Debug|Any CPU.Build.0 = Debug|Any CPU
		{513F6FAD-BE18-4BE2-87DE-728338AFFE65}.Release|Any CPU.ActiveCfg = Release|Any CPU
		{513F6FAD-BE18-4BE2-87DE-728338AFFE65}.Release|Any CPU.Build.0 = Release|Any CPU
		{9CFC946C-EA7A-4275-9E8F-8611DEA9E4BE}.Debug|Any CPU.ActiveCfg = Debug|Any CPU
		{9CFC946C-EA7A-4275-9E8F-8611DEA9E4BE}.Debug|Any CPU.Build.0 = Debug|Any CPU
		{9CFC946C-EA7A-4275-9E8F-8611DEA9E4BE}.Release|Any CPU.ActiveCfg = Release|Any CPU
		{9CFC946C-EA7A-4275-9E8F-8611DEA9E4BE}.Release|Any CPU.Build.0 = Release|Any CPU
		{96F25022-1C2A-4D0B-AB69-F2EC4B91710A}.Debug|Any CPU.ActiveCfg = Debug|Any CPU
		{96F25022-1C2A-4D0B-AB69-F2EC4B91710A}.Debug|Any CPU.Build.0 = Debug|Any CPU
		{96F25022-1C2A-4D0B-AB69-F2EC4B91710A}.Release|Any CPU.ActiveCfg = Release|Any CPU
		{96F25022-1C2A-4D0B-AB69-F2EC4B91710A}.Release|Any CPU.Build.0 = Release|Any CPU
		{F3CF7151-6F5F-479F-A565-1E98FC5712B0}.Debug|Any CPU.ActiveCfg = Debug|Any CPU
		{F3CF7151-6F5F-479F-A565-1E98FC5712B0}.Debug|Any CPU.Build.0 = Debug|Any CPU
		{F3CF7151-6F5F-479F-A565-1E98FC5712B0}.Release|Any CPU.ActiveCfg = Release|Any CPU
		{F3CF7151-6F5F-479F-A565-1E98FC5712B0}.Release|Any CPU.Build.0 = Release|Any CPU
		{670179E7-03D2-4BD8-B7F9-9E28D6853E6E}.Debug|Any CPU.ActiveCfg = Debug|Any CPU
		{670179E7-03D2-4BD8-B7F9-9E28D6853E6E}.Debug|Any CPU.Build.0 = Debug|Any CPU
		{670179E7-03D2-4BD8-B7F9-9E28D6853E6E}.Release|Any CPU.ActiveCfg = Release|Any CPU
		{670179E7-03D2-4BD8-B7F9-9E28D6853E6E}.Release|Any CPU.Build.0 = Release|Any CPU
		{84C57AF0-4CBF-42BC-89C9-6D536CF481DC}.Debug|Any CPU.ActiveCfg = Debug|Any CPU
		{84C57AF0-4CBF-42BC-89C9-6D536CF481DC}.Debug|Any CPU.Build.0 = Debug|Any CPU
		{84C57AF0-4CBF-42BC-89C9-6D536CF481DC}.Release|Any CPU.ActiveCfg = Release|Any CPU
		{84C57AF0-4CBF-42BC-89C9-6D536CF481DC}.Release|Any CPU.Build.0 = Release|Any CPU
	EndGlobalSection
	GlobalSection(SolutionProperties) = preSolution
		HideSolutionNode = FALSE
	EndGlobalSection
EndGlobal
