
Microsoft Visual Studio Solution File, Format Version 12.00
# Visual Studio 15
VisualStudioVersion = 15.0.26430.13
MinimumVisualStudioVersion = 10.0.40219.1
Project("{FAE04EC0-301F-11D3-BF4B-00C04F79EFBC}") = "Lab 1 - Count Real Numbers", "Lab 1 - Count Real Numbers\Lab 1 - Count Real Numbers.csproj", "{9ABDE4D0-24F6-4EA6-B08C-F7921655ACE6}"
EndProject
Project("{FAE04EC0-301F-11D3-BF4B-00C04F79EFBC}") = "Lab 2 - Odd Occurrences", "Lab 2 - Odd Occurrences\Lab 2 - Odd Occurrences.csproj", "{FC74BBCC-882A-41BE-A794-98E6B02757D6}"
EndProject
Project("{FAE04EC0-301F-11D3-BF4B-00C04F79EFBC}") = "Lab 3 - Sum, Min, Max, Average", "Lab 3 - Sum, Min, Max, Average\Lab 3 - Sum, Min, Max, Average.csproj", "{58B64BF1-9968-4122-B8AF-504AC324D4A2}"
EndProject
Project("{FAE04EC0-301F-11D3-BF4B-00C04F79EFBC}") = "Lab 4 - Largest 3 Numbers", "Lab 4 - Largest 3 Numbers\Lab 4 - Largest 3 Numbers.csproj", "{C113C121-9BB6-412A-8997-6B42CDF2E325}"
EndProject
Project("{FAE04EC0-301F-11D3-BF4B-00C04F79EFBC}") = "Lab 5 - Short Words Sorted", "Lab 5 - Short Words Sorted\Lab 5 - Short Words Sorted.csproj", "{D24B59E9-FD13-4A12-83D2-20477712A7D1}"
EndProject
Project("{FAE04EC0-301F-11D3-BF4B-00C04F79EFBC}") = "Lab 6 - Fold and Sum", "Lab 6 - Fold and Sum\Lab 6 - Fold and Sum.csproj", "{5BBB6D14-3797-4F9D-8ABD-E649D0A52E5B}"
EndProject
Project("{FAE04EC0-301F-11D3-BF4B-00C04F79EFBC}") = "Problem 01. Phonebook", "Problem 01. Phonebook\Problem 01. Phonebook.csproj", "{A2AE0CCA-911B-439E-B726-147A3B7CEB91}"
EndProject
Project("{FAE04EC0-301F-11D3-BF4B-00C04F79EFBC}") = "Problem 02.  Phonebook Upgrade", "Problem 02.  Phonebook Upgrade\Problem 02.  Phonebook Upgrade.csproj", "{0B8B53F1-1144-406D-98F1-E8B15671CBEE}"
EndProject
Project("{FAE04EC0-301F-11D3-BF4B-00C04F79EFBC}") = "Problem 03. A Miner Task", "Problem 03. A Miner Task\Problem 03. A Miner Task.csproj", "{4DAD7DF5-D2A8-48A3-B26D-7DCCFDCACA5C}"
EndProject
Project("{FAE04EC0-301F-11D3-BF4B-00C04F79EFBC}") = "Problem 04. Fix Emails", "Problem 04. Fix Emails\Problem 04. Fix Emails.csproj", "{013E103C-4059-43D2-A244-0542D52E924A}"
EndProject
Project("{FAE04EC0-301F-11D3-BF4B-00C04F79EFBC}") = "Problem 05. Hands of Cards", "Problem 05. Hands of Cards\Problem 05. Hands of Cards.csproj", "{33E727E0-B0CF-4FF5-8D4C-E4F4F8CA8D4F}"
EndProject
Project("{FAE04EC0-301F-11D3-BF4B-00C04F79EFBC}") = "Problem 06. Sort Times", "Problem 06. Sort Times\Problem 06. Sort Times.csproj", "{C3752817-9B03-4E60-8831-C83D34EA275F}"
EndProject
Project("{FAE04EC0-301F-11D3-BF4B-00C04F79EFBC}") = "Problem 07. Odd Filter", "Problem 07. Odd Filter\Problem 07. Odd Filter.csproj", "{C88DBAE1-E9F4-47B0-9EB1-5ED22F1DEC60}"
EndProject
Project("{FAE04EC0-301F-11D3-BF4B-00C04F79EFBC}") = "Problem 08. Immune System", "Problem 08. Immune System\Problem 08. Immune System.csproj", "{86D3DBC9-6296-4040-9A36-883E9250A268}"
EndProject
Project("{FAE04EC0-301F-11D3-BF4B-00C04F79EFBC}") = "Problem 09. Supermarket Database", "Problem 09. Supermarket Database\Problem 09. Supermarket Database.csproj", "{1DD08082-C3A0-49C0-8F8B-793F8824D09C}"
EndProject
Project("{FAE04EC0-301F-11D3-BF4B-00C04F79EFBC}") = "Problem 10. Parking Validation", "Problem 10. Parking Validation\Problem 10. Parking Validation.csproj", "{C20F15EB-D1DB-410B-8A30-BF1718575567}"
EndProject
Project("{FAE04EC0-301F-11D3-BF4B-00C04F79EFBC}") = "Problem 11. Byte Flip", "Problem 11. Byte Flip\Problem 11. Byte Flip.csproj", "{0B9A6452-8160-4801-AF26-0FE1F1654AE6}"
EndProject
Global
	GlobalSection(SolutionConfigurationPlatforms) = preSolution
		Debug|Any CPU = Debug|Any CPU
		Release|Any CPU = Release|Any CPU
	EndGlobalSection
	GlobalSection(ProjectConfigurationPlatforms) = postSolution
		{9ABDE4D0-24F6-4EA6-B08C-F7921655ACE6}.Debug|Any CPU.ActiveCfg = Debug|Any CPU
		{9ABDE4D0-24F6-4EA6-B08C-F7921655ACE6}.Debug|Any CPU.Build.0 = Debug|Any CPU
		{9ABDE4D0-24F6-4EA6-B08C-F7921655ACE6}.Release|Any CPU.ActiveCfg = Release|Any CPU
		{9ABDE4D0-24F6-4EA6-B08C-F7921655ACE6}.Release|Any CPU.Build.0 = Release|Any CPU
		{FC74BBCC-882A-41BE-A794-98E6B02757D6}.Debug|Any CPU.ActiveCfg = Debug|Any CPU
		{FC74BBCC-882A-41BE-A794-98E6B02757D6}.Debug|Any CPU.Build.0 = Debug|Any CPU
		{FC74BBCC-882A-41BE-A794-98E6B02757D6}.Release|Any CPU.ActiveCfg = Release|Any CPU
		{FC74BBCC-882A-41BE-A794-98E6B02757D6}.Release|Any CPU.Build.0 = Release|Any CPU
		{58B64BF1-9968-4122-B8AF-504AC324D4A2}.Debug|Any CPU.ActiveCfg = Debug|Any CPU
		{58B64BF1-9968-4122-B8AF-504AC324D4A2}.Debug|Any CPU.Build.0 = Debug|Any CPU
		{58B64BF1-9968-4122-B8AF-504AC324D4A2}.Release|Any CPU.ActiveCfg = Release|Any CPU
		{58B64BF1-9968-4122-B8AF-504AC324D4A2}.Release|Any CPU.Build.0 = Release|Any CPU
		{C113C121-9BB6-412A-8997-6B42CDF2E325}.Debug|Any CPU.ActiveCfg = Debug|Any CPU
		{C113C121-9BB6-412A-8997-6B42CDF2E325}.Debug|Any CPU.Build.0 = Debug|Any CPU
		{C113C121-9BB6-412A-8997-6B42CDF2E325}.Release|Any CPU.ActiveCfg = Release|Any CPU
		{C113C121-9BB6-412A-8997-6B42CDF2E325}.Release|Any CPU.Build.0 = Release|Any CPU
		{D24B59E9-FD13-4A12-83D2-20477712A7D1}.Debug|Any CPU.ActiveCfg = Debug|Any CPU
		{D24B59E9-FD13-4A12-83D2-20477712A7D1}.Debug|Any CPU.Build.0 = Debug|Any CPU
		{D24B59E9-FD13-4A12-83D2-20477712A7D1}.Release|Any CPU.ActiveCfg = Release|Any CPU
		{D24B59E9-FD13-4A12-83D2-20477712A7D1}.Release|Any CPU.Build.0 = Release|Any CPU
		{5BBB6D14-3797-4F9D-8ABD-E649D0A52E5B}.Debug|Any CPU.ActiveCfg = Debug|Any CPU
		{5BBB6D14-3797-4F9D-8ABD-E649D0A52E5B}.Debug|Any CPU.Build.0 = Debug|Any CPU
		{5BBB6D14-3797-4F9D-8ABD-E649D0A52E5B}.Release|Any CPU.ActiveCfg = Release|Any CPU
		{5BBB6D14-3797-4F9D-8ABD-E649D0A52E5B}.Release|Any CPU.Build.0 = Release|Any CPU
		{A2AE0CCA-911B-439E-B726-147A3B7CEB91}.Debug|Any CPU.ActiveCfg = Debug|Any CPU
		{A2AE0CCA-911B-439E-B726-147A3B7CEB91}.Debug|Any CPU.Build.0 = Debug|Any CPU
		{A2AE0CCA-911B-439E-B726-147A3B7CEB91}.Release|Any CPU.ActiveCfg = Release|Any CPU
		{A2AE0CCA-911B-439E-B726-147A3B7CEB91}.Release|Any CPU.Build.0 = Release|Any CPU
		{0B8B53F1-1144-406D-98F1-E8B15671CBEE}.Debug|Any CPU.ActiveCfg = Debug|Any CPU
		{0B8B53F1-1144-406D-98F1-E8B15671CBEE}.Debug|Any CPU.Build.0 = Debug|Any CPU
		{0B8B53F1-1144-406D-98F1-E8B15671CBEE}.Release|Any CPU.ActiveCfg = Release|Any CPU
		{0B8B53F1-1144-406D-98F1-E8B15671CBEE}.Release|Any CPU.Build.0 = Release|Any CPU
		{4DAD7DF5-D2A8-48A3-B26D-7DCCFDCACA5C}.Debug|Any CPU.ActiveCfg = Debug|Any CPU
		{4DAD7DF5-D2A8-48A3-B26D-7DCCFDCACA5C}.Debug|Any CPU.Build.0 = Debug|Any CPU
		{4DAD7DF5-D2A8-48A3-B26D-7DCCFDCACA5C}.Release|Any CPU.ActiveCfg = Release|Any CPU
		{4DAD7DF5-D2A8-48A3-B26D-7DCCFDCACA5C}.Release|Any CPU.Build.0 = Release|Any CPU
		{013E103C-4059-43D2-A244-0542D52E924A}.Debug|Any CPU.ActiveCfg = Debug|Any CPU
		{013E103C-4059-43D2-A244-0542D52E924A}.Debug|Any CPU.Build.0 = Debug|Any CPU
		{013E103C-4059-43D2-A244-0542D52E924A}.Release|Any CPU.ActiveCfg = Release|Any CPU
		{013E103C-4059-43D2-A244-0542D52E924A}.Release|Any CPU.Build.0 = Release|Any CPU
		{33E727E0-B0CF-4FF5-8D4C-E4F4F8CA8D4F}.Debug|Any CPU.ActiveCfg = Debug|Any CPU
		{33E727E0-B0CF-4FF5-8D4C-E4F4F8CA8D4F}.Debug|Any CPU.Build.0 = Debug|Any CPU
		{33E727E0-B0CF-4FF5-8D4C-E4F4F8CA8D4F}.Release|Any CPU.ActiveCfg = Release|Any CPU
		{33E727E0-B0CF-4FF5-8D4C-E4F4F8CA8D4F}.Release|Any CPU.Build.0 = Release|Any CPU
		{C3752817-9B03-4E60-8831-C83D34EA275F}.Debug|Any CPU.ActiveCfg = Debug|Any CPU
		{C3752817-9B03-4E60-8831-C83D34EA275F}.Debug|Any CPU.Build.0 = Debug|Any CPU
		{C3752817-9B03-4E60-8831-C83D34EA275F}.Release|Any CPU.ActiveCfg = Release|Any CPU
		{C3752817-9B03-4E60-8831-C83D34EA275F}.Release|Any CPU.Build.0 = Release|Any CPU
		{C88DBAE1-E9F4-47B0-9EB1-5ED22F1DEC60}.Debug|Any CPU.ActiveCfg = Debug|Any CPU
		{C88DBAE1-E9F4-47B0-9EB1-5ED22F1DEC60}.Debug|Any CPU.Build.0 = Debug|Any CPU
		{C88DBAE1-E9F4-47B0-9EB1-5ED22F1DEC60}.Release|Any CPU.ActiveCfg = Release|Any CPU
		{C88DBAE1-E9F4-47B0-9EB1-5ED22F1DEC60}.Release|Any CPU.Build.0 = Release|Any CPU
		{86D3DBC9-6296-4040-9A36-883E9250A268}.Debug|Any CPU.ActiveCfg = Debug|Any CPU
		{86D3DBC9-6296-4040-9A36-883E9250A268}.Debug|Any CPU.Build.0 = Debug|Any CPU
		{86D3DBC9-6296-4040-9A36-883E9250A268}.Release|Any CPU.ActiveCfg = Release|Any CPU
		{86D3DBC9-6296-4040-9A36-883E9250A268}.Release|Any CPU.Build.0 = Release|Any CPU
		{1DD08082-C3A0-49C0-8F8B-793F8824D09C}.Debug|Any CPU.ActiveCfg = Debug|Any CPU
		{1DD08082-C3A0-49C0-8F8B-793F8824D09C}.Debug|Any CPU.Build.0 = Debug|Any CPU
		{1DD08082-C3A0-49C0-8F8B-793F8824D09C}.Release|Any CPU.ActiveCfg = Release|Any CPU
		{1DD08082-C3A0-49C0-8F8B-793F8824D09C}.Release|Any CPU.Build.0 = Release|Any CPU
		{C20F15EB-D1DB-410B-8A30-BF1718575567}.Debug|Any CPU.ActiveCfg = Debug|Any CPU
		{C20F15EB-D1DB-410B-8A30-BF1718575567}.Debug|Any CPU.Build.0 = Debug|Any CPU
		{C20F15EB-D1DB-410B-8A30-BF1718575567}.Release|Any CPU.ActiveCfg = Release|Any CPU
		{C20F15EB-D1DB-410B-8A30-BF1718575567}.Release|Any CPU.Build.0 = Release|Any CPU
		{0B9A6452-8160-4801-AF26-0FE1F1654AE6}.Debug|Any CPU.ActiveCfg = Debug|Any CPU
		{0B9A6452-8160-4801-AF26-0FE1F1654AE6}.Debug|Any CPU.Build.0 = Debug|Any CPU
		{0B9A6452-8160-4801-AF26-0FE1F1654AE6}.Release|Any CPU.ActiveCfg = Release|Any CPU
		{0B9A6452-8160-4801-AF26-0FE1F1654AE6}.Release|Any CPU.Build.0 = Release|Any CPU
	EndGlobalSection
	GlobalSection(SolutionProperties) = preSolution
		HideSolutionNode = FALSE
	EndGlobalSection
EndGlobal
