
Microsoft Visual Studio Solution File, Format Version 12.00
# Visual Studio 15
VisualStudioVersion = 15.0.26430.14
MinimumVisualStudioVersion = 10.0.40219.1
Project("{FAE04EC0-301F-11D3-BF4B-00C04F79EFBC}") = "Problem 01. Sino The Walker", "Problem 01. Sino The Walker\Problem 01. Sino The Walker.csproj", "{CFBA5830-3D65-483B-9197-9EFFBC2832E9}"
EndProject
Project("{FAE04EC0-301F-11D3-BF4B-00C04F79EFBC}") = "Problem 02. SoftUni Karaoke", "Problem 02. SoftUni Karaoke\Problem 02. SoftUni Karaoke.csproj", "{D0E2132F-CC5C-41E8-A904-B8E3FCCD0E5E}"
EndProject
Project("{FAE04EC0-301F-11D3-BF4B-00C04F79EFBC}") = "Problem 03. Endurance Rally", "Problem 03. Endurance Rally\Problem 03. Endurance Rally.csproj", "{FCF6DFC9-E82E-4EEF-9074-C0F0657D138C}"
EndProject
Project("{FAE04EC0-301F-11D3-BF4B-00C04F79EFBC}") = "Problem 04. Winning Ticket", "Problem 04. Winning Ticket\Problem 04. Winning Ticket.csproj", "{DEA7613B-AE86-4877-94C8-6C662549C8F5}"
EndProject
Project("{FAE04EC0-301F-11D3-BF4B-00C04F79EFBC}") = "Problem 05. Charity Marathon", "Problem 05. Charity Marathon\Problem 05. Charity Marathon.csproj", "{57F58D7A-AC9D-4E19-A739-C02A612F1155}"
EndProject
Project("{FAE04EC0-301F-11D3-BF4B-00C04F79EFBC}") = "Problem 06. Ladybugs", "Problem 06. Ladybugs\Problem 06. Ladybugs.csproj", "{DD62590B-4F1C-48EF-B4ED-73A1261EB74B}"
EndProject
Global
	GlobalSection(SolutionConfigurationPlatforms) = preSolution
		Debug|Any CPU = Debug|Any CPU
		Release|Any CPU = Release|Any CPU
	EndGlobalSection
	GlobalSection(ProjectConfigurationPlatforms) = postSolution
		{CFBA5830-3D65-483B-9197-9EFFBC2832E9}.Debug|Any CPU.ActiveCfg = Debug|Any CPU
		{CFBA5830-3D65-483B-9197-9EFFBC2832E9}.Debug|Any CPU.Build.0 = Debug|Any CPU
		{CFBA5830-3D65-483B-9197-9EFFBC2832E9}.Release|Any CPU.ActiveCfg = Release|Any CPU
		{CFBA5830-3D65-483B-9197-9EFFBC2832E9}.Release|Any CPU.Build.0 = Release|Any CPU
		{D0E2132F-CC5C-41E8-A904-B8E3FCCD0E5E}.Debug|Any CPU.ActiveCfg = Debug|Any CPU
		{D0E2132F-CC5C-41E8-A904-B8E3FCCD0E5E}.Debug|Any CPU.Build.0 = Debug|Any CPU
		{D0E2132F-CC5C-41E8-A904-B8E3FCCD0E5E}.Release|Any CPU.ActiveCfg = Release|Any CPU
		{D0E2132F-CC5C-41E8-A904-B8E3FCCD0E5E}.Release|Any CPU.Build.0 = Release|Any CPU
		{FCF6DFC9-E82E-4EEF-9074-C0F0657D138C}.Debug|Any CPU.ActiveCfg = Debug|Any CPU
		{FCF6DFC9-E82E-4EEF-9074-C0F0657D138C}.Debug|Any CPU.Build.0 = Debug|Any CPU
		{FCF6DFC9-E82E-4EEF-9074-C0F0657D138C}.Release|Any CPU.ActiveCfg = Release|Any CPU
		{FCF6DFC9-E82E-4EEF-9074-C0F0657D138C}.Release|Any CPU.Build.0 = Release|Any CPU
		{DEA7613B-AE86-4877-94C8-6C662549C8F5}.Debug|Any CPU.ActiveCfg = Debug|Any CPU
		{DEA7613B-AE86-4877-94C8-6C662549C8F5}.Debug|Any CPU.Build.0 = Debug|Any CPU
		{DEA7613B-AE86-4877-94C8-6C662549C8F5}.Release|Any CPU.ActiveCfg = Release|Any CPU
		{DEA7613B-AE86-4877-94C8-6C662549C8F5}.Release|Any CPU.Build.0 = Release|Any CPU
		{57F58D7A-AC9D-4E19-A739-C02A612F1155}.Debug|Any CPU.ActiveCfg = Debug|Any CPU
		{57F58D7A-AC9D-4E19-A739-C02A612F1155}.Debug|Any CPU.Build.0 = Debug|Any CPU
		{57F58D7A-AC9D-4E19-A739-C02A612F1155}.Release|Any CPU.ActiveCfg = Release|Any CPU
		{57F58D7A-AC9D-4E19-A739-C02A612F1155}.Release|Any CPU.Build.0 = Release|Any CPU
		{DD62590B-4F1C-48EF-B4ED-73A1261EB74B}.Debug|Any CPU.ActiveCfg = Debug|Any CPU
		{DD62590B-4F1C-48EF-B4ED-73A1261EB74B}.Debug|Any CPU.Build.0 = Debug|Any CPU
		{DD62590B-4F1C-48EF-B4ED-73A1261EB74B}.Release|Any CPU.ActiveCfg = Release|Any CPU
		{DD62590B-4F1C-48EF-B4ED-73A1261EB74B}.Release|Any CPU.Build.0 = Release|Any CPU
	EndGlobalSection
	GlobalSection(SolutionProperties) = preSolution
		HideSolutionNode = FALSE
	EndGlobalSection
EndGlobal
