
Microsoft Visual Studio Solution File, Format Version 12.00
# Visual Studio 14
VisualStudioVersion = 14.0.25420.1
MinimumVisualStudioVersion = 10.0.40219.1
Project("{FAE04EC0-301F-11D3-BF4B-00C04F79EFBC}") = "Lab - 01.Centuries to Minutes", "Lab - 01.Centuries to Minutes\Lab - 01.Centuries to Minutes.csproj", "{62BF4A87-CB6E-491E-B97B-9DE1EEBA2952}"
EndProject
Project("{FAE04EC0-301F-11D3-BF4B-00C04F79EFBC}") = "Lab - 02.Circle Area", "Lab - 02.Circle Area\Lab - 02.Circle Area.csproj", "{D9FCA372-F94D-4365-A34C-1EA95DD131CD}"
EndProject
Project("{FAE04EC0-301F-11D3-BF4B-00C04F79EFBC}") = "Lab - 03.Exact Sum of Real Numbers", "Lab - 03.Exact Sum of Real Numbers\Lab - 03.Exact Sum of Real Numbers.csproj", "{F94F6670-E364-4E0A-A79B-B65520D45D2A}"
EndProject
Project("{FAE04EC0-301F-11D3-BF4B-00C04F79EFBC}") = "Lab - 04.Elevator", "Lab - 04.Elevator\Lab - 04.Elevator.csproj", "{22EDFF5B-8938-43C2-BF33-D33D2639BED8}"
EndProject
Project("{FAE04EC0-301F-11D3-BF4B-00C04F79EFBC}") = "Lab - 05.Special Number", "Lab - 05.Special Number\Lab - 05.Special Number.csproj", "{EC9F320D-E724-4A5D-9DA8-879607B62341}"
EndProject
Project("{FAE04EC0-301F-11D3-BF4B-00C04F79EFBC}") = "Lab - 06.Triples of Letters", "Lab - 06.Triples of Letters\Lab - 06.Triples of Letters.csproj", "{335AEEB0-34F4-4321-B0C4-6395201558D6}"
EndProject
Project("{FAE04EC0-301F-11D3-BF4B-00C04F79EFBC}") = "Lab - 07.Greeting", "Lab - 07.Greeting\Lab - 07.Greeting.csproj", "{D930E7F0-0BAA-4F1B-B34C-AE5278CC279C}"
EndProject
Project("{FAE04EC0-301F-11D3-BF4B-00C04F79EFBC}") = "Lab - 08.Refactor Volume of Pyramid", "Lab - 08.Refactor Volume of Pyramid\Lab - 08.Refactor Volume of Pyramid.csproj", "{6F02642F-5EC3-4527-8D14-98666F18D7F1}"
EndProject
Project("{FAE04EC0-301F-11D3-BF4B-00C04F79EFBC}") = "Lab - 09.Refactor Special Numbers", "Lab - 09.Refactor Special Numbers\Lab - 09.Refactor Special Numbers.csproj", "{CA4A8B6F-D5AE-483D-8EA3-C8D9ED2E6716}"
EndProject
Project("{FAE04EC0-301F-11D3-BF4B-00C04F79EFBC}") = "Problem 01. Practice Integer Numbers", "Problem 01. Practice Integer Numbers\Problem 01. Practice Integer Numbers.csproj", "{BD2B33BF-927B-4029-B618-393959CD0BFE}"
EndProject
Project("{FAE04EC0-301F-11D3-BF4B-00C04F79EFBC}") = "Problem 02. Floating Point Numbers", "Problem 02. Floating Point Numbers\Problem 02. Floating Point Numbers.csproj", "{148DC1B9-18DF-413B-A702-A310725A859C}"
EndProject
Project("{FAE04EC0-301F-11D3-BF4B-00C04F79EFBC}") = "Problem 03. Characters and Strings", "Problem 03. Characters and Strings\Problem 03. Characters and Strings.csproj", "{BCD41723-1BDF-44EC-B7B7-031D834DCF6E}"
EndProject
Project("{FAE04EC0-301F-11D3-BF4B-00C04F79EFBC}") = "Problem 04. Hexadecimal Format", "Problem 04. Hexadecimal Format\Problem 04. Hexadecimal Format.csproj", "{F6174DF4-8BD4-4CE9-A2F5-7796B943C574}"
EndProject
Project("{FAE04EC0-301F-11D3-BF4B-00C04F79EFBC}") = "Problem 05. Boolean Variable", "Problem 05. Boolean Variable\Problem 05. Boolean Variable.csproj", "{D6E599AD-C966-45BD-A05C-7F9EC9191BEB}"
EndProject
Project("{FAE04EC0-301F-11D3-BF4B-00C04F79EFBC}") = "Problem 06. Strings and Objects", "Problem 06. Strings and Objects\Problem 06. Strings and Objects.csproj", "{207E518D-7B4B-4ED8-A14A-0366D3603F07}"
EndProject
Project("{FAE04EC0-301F-11D3-BF4B-00C04F79EFBC}") = "Problem 07. Exchange Variable Values", "Problem 07. Exchange Variable Values\Problem 07. Exchange Variable Values.csproj", "{A0D13864-1F43-48FC-9751-45E204C68D57}"
EndProject
Project("{FAE04EC0-301F-11D3-BF4B-00C04F79EFBC}") = "Problem 08. Employee Data", "Problem 08. Employee Data\Problem 08. Employee Data.csproj", "{2FBECCF8-1BD0-4815-B9E6-FAE7051622F3}"
EndProject
Project("{FAE04EC0-301F-11D3-BF4B-00C04F79EFBC}") = "Problem 09. Reverse Characters", "Problem 09. Reverse Characters\Problem 09. Reverse Characters.csproj", "{8D7D9C39-980B-4C54-BDA5-1C16E42F91A3}"
EndProject
Project("{FAE04EC0-301F-11D3-BF4B-00C04F79EFBC}") = "Problem 10. Centuries to Nanoseconds", "Problem 10. Centuries to Nanoseconds\Problem 10. Centuries to Nanoseconds.csproj", "{9659F167-0AC6-444C-B888-3C8B2996299F}"
EndProject
Project("{FAE04EC0-301F-11D3-BF4B-00C04F79EFBC}") = "Problem 11. Convert Speed Units", "Problem 11. Convert Speed Units\Problem 11. Convert Speed Units.csproj", "{2A7BCD47-F455-48C0-B1E3-72043058F4B5}"
EndProject
Project("{FAE04EC0-301F-11D3-BF4B-00C04F79EFBC}") = "Problem 12. Rectangle Properties", "Problem 12. Rectangle Properties\Problem 12. Rectangle Properties.csproj", "{67CBB49A-BEE9-46DF-A325-D8F5A0987A0D}"
EndProject
Project("{FAE04EC0-301F-11D3-BF4B-00C04F79EFBC}") = "Problem 13. Vowel or Digit", "Problem 13. Vowel or Digit\Problem 13. Vowel or Digit.csproj", "{63DE82E6-5ECA-4BDC-AFA6-EA553E3DF4B5}"
EndProject
Project("{FAE04EC0-301F-11D3-BF4B-00C04F79EFBC}") = "Problem 14. Integer to Hex and Binary", "Problem 14. Integer to Hex and Binary\Problem 14. Integer to Hex and Binary.csproj", "{60D83F83-9AC2-45AB-BDC9-E7CB9F80F2E8}"
EndProject
Project("{FAE04EC0-301F-11D3-BF4B-00C04F79EFBC}") = "Problem 15. Prime Checker - Refactor", "Problem 15. Prime Checker - Refactor\Problem 15. Prime Checker - Refactor.csproj", "{FE302978-C605-48A5-9CD3-F7F798497907}"
EndProject
Project("{FAE04EC0-301F-11D3-BF4B-00C04F79EFBC}") = "Problem 16. Comparing Floats", "Problem 16. Comparing Floats\Problem 16. Comparing Floats.csproj", "{AFF585A2-A07F-4F12-B6A6-1C7907C8F941}"
EndProject
Project("{FAE04EC0-301F-11D3-BF4B-00C04F79EFBC}") = "Problem 17. Print Part of the ASCII", "Problem 17. Print Part of the ASCII\Problem 17. Print Part of the ASCII.csproj", "{0D1EB0F5-4944-4B48-8515-95D8A0B3FB54}"
EndProject
Project("{FAE04EC0-301F-11D3-BF4B-00C04F79EFBC}") = "Problem 18. Different Integers Size", "Problem 18. Different Integers Size\Problem 18. Different Integers Size.csproj", "{E4D82FBB-2C80-42FE-BFB1-E03E0753EF65}"
EndProject
Project("{FAE04EC0-301F-11D3-BF4B-00C04F79EFBC}") = "Problem 19. Thea the Photographer", "Problem 19. Thea the Photographer\Problem 19. Thea the Photographer.csproj", "{DBEA2A7E-CC31-48A1-BB1A-AB3F5100AE20}"
EndProject
Project("{FAE04EC0-301F-11D3-BF4B-00C04F79EFBC}") = "Problem 20. Type Boundaries", "Problem 20. Type Boundaries\Problem 20. Type Boundaries.csproj", "{18BF724E-B856-4750-958F-05B461A4E41C}"
EndProject
Project("{FAE04EC0-301F-11D3-BF4B-00C04F79EFBC}") = "Problem 21. Number Checker", "Problem 21. Number Checker\Problem 21. Number Checker.csproj", "{A6B30643-3A01-4C6A-A3C8-45CE1A33BCFB}"
EndProject
Project("{FAE04EC0-301F-11D3-BF4B-00C04F79EFBC}") = "Problem 22.Water Overflow", "Problem 22.Water Overflow\Problem 22.Water Overflow.csproj", "{FAC60295-4D97-4A44-83ED-C91DB2E07FB1}"
EndProject
Project("{FAE04EC0-301F-11D3-BF4B-00C04F79EFBC}") = "Problem 23. Tourist Information", "Problem 23. Tourist Information\Problem 23. Tourist Information.csproj", "{57C1EB82-975B-4451-875A-6487D6200116}"
EndProject
Project("{FAE04EC0-301F-11D3-BF4B-00C04F79EFBC}") = "Problem 24. Weather Forecast", "Problem 24. Weather Forecast\Problem 24. Weather Forecast.csproj", "{08EBA1C9-1ADA-4EBF-A7BC-050E9BED67B7}"
EndProject
Project("{FAE04EC0-301F-11D3-BF4B-00C04F79EFBC}") = "Problem 25.  Catch the Thief", "Problem 25.  Catch the Thief\Problem 25.  Catch the Thief.csproj", "{851FB0F3-F4EE-4CC9-B60B-A514E500C901}"
EndProject
Project("{FAE04EC0-301F-11D3-BF4B-00C04F79EFBC}") = "Problem 26. Sentence the Thief", "Problem 26. Sentence the Thief\Problem 26. Sentence the Thief.csproj", "{CE39688D-DEE9-4E89-A0B7-E36C4BBEB0EB}"
EndProject
Project("{FAE04EC0-301F-11D3-BF4B-00C04F79EFBC}") = "Problem 27. House Builder", "Problem 27. House Builder\Problem 27. House Builder.csproj", "{24D21894-BAB8-43A2-97CF-3E3B19075764}"
EndProject
Project("{FAE04EC0-301F-11D3-BF4B-00C04F79EFBC}") = "Problem 28. Make a Word", "Problem 28. Make a Word\Problem 28. Make a Word.csproj", "{3F613B90-345F-4463-8436-20E56EC456CC}"
EndProject
Project("{FAE04EC0-301F-11D3-BF4B-00C04F79EFBC}") = "Problem 29. Sum of Chars", "Problem 29. Sum of Chars\Problem 29. Sum of Chars.csproj", "{D4EA6F05-B475-479F-AA10-11BF5759A758}"
EndProject
Project("{FAE04EC0-301F-11D3-BF4B-00C04F79EFBC}") = "Problem 30. String Concatenation", "Problem 30. String Concatenation\Problem 30. String Concatenation.csproj", "{CEB026A0-3137-4393-87B6-6D99D67850BD}"
EndProject
Global
	GlobalSection(SolutionConfigurationPlatforms) = preSolution
		Debug|Any CPU = Debug|Any CPU
		Release|Any CPU = Release|Any CPU
	EndGlobalSection
	GlobalSection(ProjectConfigurationPlatforms) = postSolution
		{62BF4A87-CB6E-491E-B97B-9DE1EEBA2952}.Debug|Any CPU.ActiveCfg = Debug|Any CPU
		{62BF4A87-CB6E-491E-B97B-9DE1EEBA2952}.Debug|Any CPU.Build.0 = Debug|Any CPU
		{62BF4A87-CB6E-491E-B97B-9DE1EEBA2952}.Release|Any CPU.ActiveCfg = Release|Any CPU
		{62BF4A87-CB6E-491E-B97B-9DE1EEBA2952}.Release|Any CPU.Build.0 = Release|Any CPU
		{D9FCA372-F94D-4365-A34C-1EA95DD131CD}.Debug|Any CPU.ActiveCfg = Debug|Any CPU
		{D9FCA372-F94D-4365-A34C-1EA95DD131CD}.Debug|Any CPU.Build.0 = Debug|Any CPU
		{D9FCA372-F94D-4365-A34C-1EA95DD131CD}.Release|Any CPU.ActiveCfg = Release|Any CPU
		{D9FCA372-F94D-4365-A34C-1EA95DD131CD}.Release|Any CPU.Build.0 = Release|Any CPU
		{F94F6670-E364-4E0A-A79B-B65520D45D2A}.Debug|Any CPU.ActiveCfg = Debug|Any CPU
		{F94F6670-E364-4E0A-A79B-B65520D45D2A}.Debug|Any CPU.Build.0 = Debug|Any CPU
		{F94F6670-E364-4E0A-A79B-B65520D45D2A}.Release|Any CPU.ActiveCfg = Release|Any CPU
		{F94F6670-E364-4E0A-A79B-B65520D45D2A}.Release|Any CPU.Build.0 = Release|Any CPU
		{22EDFF5B-8938-43C2-BF33-D33D2639BED8}.Debug|Any CPU.ActiveCfg = Debug|Any CPU
		{22EDFF5B-8938-43C2-BF33-D33D2639BED8}.Debug|Any CPU.Build.0 = Debug|Any CPU
		{22EDFF5B-8938-43C2-BF33-D33D2639BED8}.Release|Any CPU.ActiveCfg = Release|Any CPU
		{22EDFF5B-8938-43C2-BF33-D33D2639BED8}.Release|Any CPU.Build.0 = Release|Any CPU
		{EC9F320D-E724-4A5D-9DA8-879607B62341}.Debug|Any CPU.ActiveCfg = Debug|Any CPU
		{EC9F320D-E724-4A5D-9DA8-879607B62341}.Debug|Any CPU.Build.0 = Debug|Any CPU
		{EC9F320D-E724-4A5D-9DA8-879607B62341}.Release|Any CPU.ActiveCfg = Release|Any CPU
		{EC9F320D-E724-4A5D-9DA8-879607B62341}.Release|Any CPU.Build.0 = Release|Any CPU
		{335AEEB0-34F4-4321-B0C4-6395201558D6}.Debug|Any CPU.ActiveCfg = Debug|Any CPU
		{335AEEB0-34F4-4321-B0C4-6395201558D6}.Debug|Any CPU.Build.0 = Debug|Any CPU
		{335AEEB0-34F4-4321-B0C4-6395201558D6}.Release|Any CPU.ActiveCfg = Release|Any CPU
		{335AEEB0-34F4-4321-B0C4-6395201558D6}.Release|Any CPU.Build.0 = Release|Any CPU
		{D930E7F0-0BAA-4F1B-B34C-AE5278CC279C}.Debug|Any CPU.ActiveCfg = Debug|Any CPU
		{D930E7F0-0BAA-4F1B-B34C-AE5278CC279C}.Debug|Any CPU.Build.0 = Debug|Any CPU
		{D930E7F0-0BAA-4F1B-B34C-AE5278CC279C}.Release|Any CPU.ActiveCfg = Release|Any CPU
		{D930E7F0-0BAA-4F1B-B34C-AE5278CC279C}.Release|Any CPU.Build.0 = Release|Any CPU
		{6F02642F-5EC3-4527-8D14-98666F18D7F1}.Debug|Any CPU.ActiveCfg = Debug|Any CPU
		{6F02642F-5EC3-4527-8D14-98666F18D7F1}.Debug|Any CPU.Build.0 = Debug|Any CPU
		{6F02642F-5EC3-4527-8D14-98666F18D7F1}.Release|Any CPU.ActiveCfg = Release|Any CPU
		{6F02642F-5EC3-4527-8D14-98666F18D7F1}.Release|Any CPU.Build.0 = Release|Any CPU
		{CA4A8B6F-D5AE-483D-8EA3-C8D9ED2E6716}.Debug|Any CPU.ActiveCfg = Debug|Any CPU
		{CA4A8B6F-D5AE-483D-8EA3-C8D9ED2E6716}.Debug|Any CPU.Build.0 = Debug|Any CPU
		{CA4A8B6F-D5AE-483D-8EA3-C8D9ED2E6716}.Release|Any CPU.ActiveCfg = Release|Any CPU
		{CA4A8B6F-D5AE-483D-8EA3-C8D9ED2E6716}.Release|Any CPU.Build.0 = Release|Any CPU
		{BD2B33BF-927B-4029-B618-393959CD0BFE}.Debug|Any CPU.ActiveCfg = Debug|Any CPU
		{BD2B33BF-927B-4029-B618-393959CD0BFE}.Debug|Any CPU.Build.0 = Debug|Any CPU
		{BD2B33BF-927B-4029-B618-393959CD0BFE}.Release|Any CPU.ActiveCfg = Release|Any CPU
		{BD2B33BF-927B-4029-B618-393959CD0BFE}.Release|Any CPU.Build.0 = Release|Any CPU
		{148DC1B9-18DF-413B-A702-A310725A859C}.Debug|Any CPU.ActiveCfg = Debug|Any CPU
		{148DC1B9-18DF-413B-A702-A310725A859C}.Debug|Any CPU.Build.0 = Debug|Any CPU
		{148DC1B9-18DF-413B-A702-A310725A859C}.Release|Any CPU.ActiveCfg = Release|Any CPU
		{148DC1B9-18DF-413B-A702-A310725A859C}.Release|Any CPU.Build.0 = Release|Any CPU
		{BCD41723-1BDF-44EC-B7B7-031D834DCF6E}.Debug|Any CPU.ActiveCfg = Debug|Any CPU
		{BCD41723-1BDF-44EC-B7B7-031D834DCF6E}.Debug|Any CPU.Build.0 = Debug|Any CPU
		{BCD41723-1BDF-44EC-B7B7-031D834DCF6E}.Release|Any CPU.ActiveCfg = Release|Any CPU
		{BCD41723-1BDF-44EC-B7B7-031D834DCF6E}.Release|Any CPU.Build.0 = Release|Any CPU
		{F6174DF4-8BD4-4CE9-A2F5-7796B943C574}.Debug|Any CPU.ActiveCfg = Debug|Any CPU
		{F6174DF4-8BD4-4CE9-A2F5-7796B943C574}.Debug|Any CPU.Build.0 = Debug|Any CPU
		{F6174DF4-8BD4-4CE9-A2F5-7796B943C574}.Release|Any CPU.ActiveCfg = Release|Any CPU
		{F6174DF4-8BD4-4CE9-A2F5-7796B943C574}.Release|Any CPU.Build.0 = Release|Any CPU
		{D6E599AD-C966-45BD-A05C-7F9EC9191BEB}.Debug|Any CPU.ActiveCfg = Debug|Any CPU
		{D6E599AD-C966-45BD-A05C-7F9EC9191BEB}.Debug|Any CPU.Build.0 = Debug|Any CPU
		{D6E599AD-C966-45BD-A05C-7F9EC9191BEB}.Release|Any CPU.ActiveCfg = Release|Any CPU
		{D6E599AD-C966-45BD-A05C-7F9EC9191BEB}.Release|Any CPU.Build.0 = Release|Any CPU
		{207E518D-7B4B-4ED8-A14A-0366D3603F07}.Debug|Any CPU.ActiveCfg = Debug|Any CPU
		{207E518D-7B4B-4ED8-A14A-0366D3603F07}.Debug|Any CPU.Build.0 = Debug|Any CPU
		{207E518D-7B4B-4ED8-A14A-0366D3603F07}.Release|Any CPU.ActiveCfg = Release|Any CPU
		{207E518D-7B4B-4ED8-A14A-0366D3603F07}.Release|Any CPU.Build.0 = Release|Any CPU
		{A0D13864-1F43-48FC-9751-45E204C68D57}.Debug|Any CPU.ActiveCfg = Debug|Any CPU
		{A0D13864-1F43-48FC-9751-45E204C68D57}.Debug|Any CPU.Build.0 = Debug|Any CPU
		{A0D13864-1F43-48FC-9751-45E204C68D57}.Release|Any CPU.ActiveCfg = Release|Any CPU
		{A0D13864-1F43-48FC-9751-45E204C68D57}.Release|Any CPU.Build.0 = Release|Any CPU
		{2FBECCF8-1BD0-4815-B9E6-FAE7051622F3}.Debug|Any CPU.ActiveCfg = Debug|Any CPU
		{2FBECCF8-1BD0-4815-B9E6-FAE7051622F3}.Debug|Any CPU.Build.0 = Debug|Any CPU
		{2FBECCF8-1BD0-4815-B9E6-FAE7051622F3}.Release|Any CPU.ActiveCfg = Release|Any CPU
		{2FBECCF8-1BD0-4815-B9E6-FAE7051622F3}.Release|Any CPU.Build.0 = Release|Any CPU
		{8D7D9C39-980B-4C54-BDA5-1C16E42F91A3}.Debug|Any CPU.ActiveCfg = Debug|Any CPU
		{8D7D9C39-980B-4C54-BDA5-1C16E42F91A3}.Debug|Any CPU.Build.0 = Debug|Any CPU
		{8D7D9C39-980B-4C54-BDA5-1C16E42F91A3}.Release|Any CPU.ActiveCfg = Release|Any CPU
		{8D7D9C39-980B-4C54-BDA5-1C16E42F91A3}.Release|Any CPU.Build.0 = Release|Any CPU
		{9659F167-0AC6-444C-B888-3C8B2996299F}.Debug|Any CPU.ActiveCfg = Debug|Any CPU
		{9659F167-0AC6-444C-B888-3C8B2996299F}.Debug|Any CPU.Build.0 = Debug|Any CPU
		{9659F167-0AC6-444C-B888-3C8B2996299F}.Release|Any CPU.ActiveCfg = Release|Any CPU
		{9659F167-0AC6-444C-B888-3C8B2996299F}.Release|Any CPU.Build.0 = Release|Any CPU
		{2A7BCD47-F455-48C0-B1E3-72043058F4B5}.Debug|Any CPU.ActiveCfg = Debug|Any CPU
		{2A7BCD47-F455-48C0-B1E3-72043058F4B5}.Debug|Any CPU.Build.0 = Debug|Any CPU
		{2A7BCD47-F455-48C0-B1E3-72043058F4B5}.Release|Any CPU.ActiveCfg = Release|Any CPU
		{2A7BCD47-F455-48C0-B1E3-72043058F4B5}.Release|Any CPU.Build.0 = Release|Any CPU
		{67CBB49A-BEE9-46DF-A325-D8F5A0987A0D}.Debug|Any CPU.ActiveCfg = Debug|Any CPU
		{67CBB49A-BEE9-46DF-A325-D8F5A0987A0D}.Debug|Any CPU.Build.0 = Debug|Any CPU
		{67CBB49A-BEE9-46DF-A325-D8F5A0987A0D}.Release|Any CPU.ActiveCfg = Release|Any CPU
		{67CBB49A-BEE9-46DF-A325-D8F5A0987A0D}.Release|Any CPU.Build.0 = Release|Any CPU
		{63DE82E6-5ECA-4BDC-AFA6-EA553E3DF4B5}.Debug|Any CPU.ActiveCfg = Debug|Any CPU
		{63DE82E6-5ECA-4BDC-AFA6-EA553E3DF4B5}.Debug|Any CPU.Build.0 = Debug|Any CPU
		{63DE82E6-5ECA-4BDC-AFA6-EA553E3DF4B5}.Release|Any CPU.ActiveCfg = Release|Any CPU
		{63DE82E6-5ECA-4BDC-AFA6-EA553E3DF4B5}.Release|Any CPU.Build.0 = Release|Any CPU
		{60D83F83-9AC2-45AB-BDC9-E7CB9F80F2E8}.Debug|Any CPU.ActiveCfg = Debug|Any CPU
		{60D83F83-9AC2-45AB-BDC9-E7CB9F80F2E8}.Debug|Any CPU.Build.0 = Debug|Any CPU
		{60D83F83-9AC2-45AB-BDC9-E7CB9F80F2E8}.Release|Any CPU.ActiveCfg = Release|Any CPU
		{60D83F83-9AC2-45AB-BDC9-E7CB9F80F2E8}.Release|Any CPU.Build.0 = Release|Any CPU
		{FE302978-C605-48A5-9CD3-F7F798497907}.Debug|Any CPU.ActiveCfg = Debug|Any CPU
		{FE302978-C605-48A5-9CD3-F7F798497907}.Debug|Any CPU.Build.0 = Debug|Any CPU
		{FE302978-C605-48A5-9CD3-F7F798497907}.Release|Any CPU.ActiveCfg = Release|Any CPU
		{FE302978-C605-48A5-9CD3-F7F798497907}.Release|Any CPU.Build.0 = Release|Any CPU
		{AFF585A2-A07F-4F12-B6A6-1C7907C8F941}.Debug|Any CPU.ActiveCfg = Debug|Any CPU
		{AFF585A2-A07F-4F12-B6A6-1C7907C8F941}.Debug|Any CPU.Build.0 = Debug|Any CPU
		{AFF585A2-A07F-4F12-B6A6-1C7907C8F941}.Release|Any CPU.ActiveCfg = Release|Any CPU
		{AFF585A2-A07F-4F12-B6A6-1C7907C8F941}.Release|Any CPU.Build.0 = Release|Any CPU
		{0D1EB0F5-4944-4B48-8515-95D8A0B3FB54}.Debug|Any CPU.ActiveCfg = Debug|Any CPU
		{0D1EB0F5-4944-4B48-8515-95D8A0B3FB54}.Debug|Any CPU.Build.0 = Debug|Any CPU
		{0D1EB0F5-4944-4B48-8515-95D8A0B3FB54}.Release|Any CPU.ActiveCfg = Release|Any CPU
		{0D1EB0F5-4944-4B48-8515-95D8A0B3FB54}.Release|Any CPU.Build.0 = Release|Any CPU
		{E4D82FBB-2C80-42FE-BFB1-E03E0753EF65}.Debug|Any CPU.ActiveCfg = Debug|Any CPU
		{E4D82FBB-2C80-42FE-BFB1-E03E0753EF65}.Debug|Any CPU.Build.0 = Debug|Any CPU
		{E4D82FBB-2C80-42FE-BFB1-E03E0753EF65}.Release|Any CPU.ActiveCfg = Release|Any CPU
		{E4D82FBB-2C80-42FE-BFB1-E03E0753EF65}.Release|Any CPU.Build.0 = Release|Any CPU
		{DBEA2A7E-CC31-48A1-BB1A-AB3F5100AE20}.Debug|Any CPU.ActiveCfg = Debug|Any CPU
		{DBEA2A7E-CC31-48A1-BB1A-AB3F5100AE20}.Debug|Any CPU.Build.0 = Debug|Any CPU
		{DBEA2A7E-CC31-48A1-BB1A-AB3F5100AE20}.Release|Any CPU.ActiveCfg = Release|Any CPU
		{DBEA2A7E-CC31-48A1-BB1A-AB3F5100AE20}.Release|Any CPU.Build.0 = Release|Any CPU
		{18BF724E-B856-4750-958F-05B461A4E41C}.Debug|Any CPU.ActiveCfg = Debug|Any CPU
		{18BF724E-B856-4750-958F-05B461A4E41C}.Debug|Any CPU.Build.0 = Debug|Any CPU
		{18BF724E-B856-4750-958F-05B461A4E41C}.Release|Any CPU.ActiveCfg = Release|Any CPU
		{18BF724E-B856-4750-958F-05B461A4E41C}.Release|Any CPU.Build.0 = Release|Any CPU
		{A6B30643-3A01-4C6A-A3C8-45CE1A33BCFB}.Debug|Any CPU.ActiveCfg = Debug|Any CPU
		{A6B30643-3A01-4C6A-A3C8-45CE1A33BCFB}.Debug|Any CPU.Build.0 = Debug|Any CPU
		{A6B30643-3A01-4C6A-A3C8-45CE1A33BCFB}.Release|Any CPU.ActiveCfg = Release|Any CPU
		{A6B30643-3A01-4C6A-A3C8-45CE1A33BCFB}.Release|Any CPU.Build.0 = Release|Any CPU
		{FAC60295-4D97-4A44-83ED-C91DB2E07FB1}.Debug|Any CPU.ActiveCfg = Debug|Any CPU
		{FAC60295-4D97-4A44-83ED-C91DB2E07FB1}.Debug|Any CPU.Build.0 = Debug|Any CPU
		{FAC60295-4D97-4A44-83ED-C91DB2E07FB1}.Release|Any CPU.ActiveCfg = Release|Any CPU
		{FAC60295-4D97-4A44-83ED-C91DB2E07FB1}.Release|Any CPU.Build.0 = Release|Any CPU
		{57C1EB82-975B-4451-875A-6487D6200116}.Debug|Any CPU.ActiveCfg = Debug|Any CPU
		{57C1EB82-975B-4451-875A-6487D6200116}.Debug|Any CPU.Build.0 = Debug|Any CPU
		{57C1EB82-975B-4451-875A-6487D6200116}.Release|Any CPU.ActiveCfg = Release|Any CPU
		{57C1EB82-975B-4451-875A-6487D6200116}.Release|Any CPU.Build.0 = Release|Any CPU
		{08EBA1C9-1ADA-4EBF-A7BC-050E9BED67B7}.Debug|Any CPU.ActiveCfg = Debug|Any CPU
		{08EBA1C9-1ADA-4EBF-A7BC-050E9BED67B7}.Debug|Any CPU.Build.0 = Debug|Any CPU
		{08EBA1C9-1ADA-4EBF-A7BC-050E9BED67B7}.Release|Any CPU.ActiveCfg = Release|Any CPU
		{08EBA1C9-1ADA-4EBF-A7BC-050E9BED67B7}.Release|Any CPU.Build.0 = Release|Any CPU
		{851FB0F3-F4EE-4CC9-B60B-A514E500C901}.Debug|Any CPU.ActiveCfg = Debug|Any CPU
		{851FB0F3-F4EE-4CC9-B60B-A514E500C901}.Debug|Any CPU.Build.0 = Debug|Any CPU
		{851FB0F3-F4EE-4CC9-B60B-A514E500C901}.Release|Any CPU.ActiveCfg = Release|Any CPU
		{851FB0F3-F4EE-4CC9-B60B-A514E500C901}.Release|Any CPU.Build.0 = Release|Any CPU
		{CE39688D-DEE9-4E89-A0B7-E36C4BBEB0EB}.Debug|Any CPU.ActiveCfg = Debug|Any CPU
		{CE39688D-DEE9-4E89-A0B7-E36C4BBEB0EB}.Debug|Any CPU.Build.0 = Debug|Any CPU
		{CE39688D-DEE9-4E89-A0B7-E36C4BBEB0EB}.Release|Any CPU.ActiveCfg = Release|Any CPU
		{CE39688D-DEE9-4E89-A0B7-E36C4BBEB0EB}.Release|Any CPU.Build.0 = Release|Any CPU
		{24D21894-BAB8-43A2-97CF-3E3B19075764}.Debug|Any CPU.ActiveCfg = Debug|Any CPU
		{24D21894-BAB8-43A2-97CF-3E3B19075764}.Debug|Any CPU.Build.0 = Debug|Any CPU
		{24D21894-BAB8-43A2-97CF-3E3B19075764}.Release|Any CPU.ActiveCfg = Release|Any CPU
		{24D21894-BAB8-43A2-97CF-3E3B19075764}.Release|Any CPU.Build.0 = Release|Any CPU
		{3F613B90-345F-4463-8436-20E56EC456CC}.Debug|Any CPU.ActiveCfg = Debug|Any CPU
		{3F613B90-345F-4463-8436-20E56EC456CC}.Debug|Any CPU.Build.0 = Debug|Any CPU
		{3F613B90-345F-4463-8436-20E56EC456CC}.Release|Any CPU.ActiveCfg = Release|Any CPU
		{3F613B90-345F-4463-8436-20E56EC456CC}.Release|Any CPU.Build.0 = Release|Any CPU
		{D4EA6F05-B475-479F-AA10-11BF5759A758}.Debug|Any CPU.ActiveCfg = Debug|Any CPU
		{D4EA6F05-B475-479F-AA10-11BF5759A758}.Debug|Any CPU.Build.0 = Debug|Any CPU
		{D4EA6F05-B475-479F-AA10-11BF5759A758}.Release|Any CPU.ActiveCfg = Release|Any CPU
		{D4EA6F05-B475-479F-AA10-11BF5759A758}.Release|Any CPU.Build.0 = Release|Any CPU
		{CEB026A0-3137-4393-87B6-6D99D67850BD}.Debug|Any CPU.ActiveCfg = Debug|Any CPU
		{CEB026A0-3137-4393-87B6-6D99D67850BD}.Debug|Any CPU.Build.0 = Debug|Any CPU
		{CEB026A0-3137-4393-87B6-6D99D67850BD}.Release|Any CPU.ActiveCfg = Release|Any CPU
		{CEB026A0-3137-4393-87B6-6D99D67850BD}.Release|Any CPU.Build.0 = Release|Any CPU
	EndGlobalSection
	GlobalSection(SolutionProperties) = preSolution
		HideSolutionNode = FALSE
	EndGlobalSection
EndGlobal
